Microsoft Visual Studio Solution File, Format Version 12.00
# Visual Studio 15
VisualStudioVersion = 15.0.28307.136
MinimumVisualStudioVersion = 10.0.40219.1
Project("{8BC9CEB8-8B4A-11D0-8D11-00A0C91BC942}") = "asyn", "..\..\..\asyn-R4-40-1\asyn\asyn.vcxproj", "{C3EA0FF7-6039-4884-BA91-7B4619BEFEA5}"
EndProject
Project("{8BC9CEB8-8B4A-11D0-8D11-00A0C91BC942}") = "ca", "..\..\..\..\base-7.0.6.1\modules\ca\src\client\ca.vcxproj", "{361BCEBD-8B02-4B15-B28B-863F0602CB99}"
EndProject
Project("{8BC9CEB8-8B4A-11D0-8D11-00A0C91BC942}") = "e_flex", "..\..\..\..\base-7.0.6.1\modules\libcom\src\flex\e_flex.vcxproj", "{280222D8-1C6B-430D-8F32-C8A47397525B}"
EndProject
Project("{8BC9CEB8-8B4A-11D0-8D11-00A0C91BC942}") = "antelope", "..\..\..\..\base-7.0.6.1\modules\libcom\src\yacc\antelope.vcxproj", "{B06AFD40-69E3-4D78-B401-75A27C869381}"
EndProject
Project("{2150E333-8FDC-42A3-9474-1A3956D46DE8}") = "base-7.0.6.1", "base-7.0.6.1", "{D772CB17-6D38-48F4-958E-6A721026C056}"
EndProject
Project("{2150E333-8FDC-42A3-9474-1A3956D46DE8}") = "src", "src", "{AF70446C-3E93-42DF-9943-18DDCFA4991A}"
EndProject
Project("{2150E333-8FDC-42A3-9474-1A3956D46DE8}") = "tools", "tools", "{72F51F37-2669-43E0-A166-04E8FD34B294}"
EndProject
Project("{8BC9CEB8-8B4A-11D0-8D11-00A0C91BC942}") = "tools", "..\..\..\..\base-7.0.6.1\src\tools\tools.vcxproj", "{5CCE1C6A-2BD5-48BF-99E2-D29B58F91991}"
EndProject
Project("{8BC9CEB8-8B4A-11D0-8D11-00A0C91BC942}") = "dbCore", "..\..\..\..\base-7.0.6.1\modules\database\src\ioc\dbCore.vcxproj", "{422A8C73-836C-48CB-86C8-0591E69C0CA1}"
EndProject
Project("{8BC9CEB8-8B4A-11D0-8D11-00A0C91BC942}") = "dbRecStd", "..\..\..\..\base-7.0.6.1\modules\database\src\std\dbRecStd.vcxproj", "{9CF8D9AB-E47D-4923-A251-80E40B4E7144}"
EndProject
Project("{2150E333-8FDC-42A3-9474-1A3956D46DE8}") = "asyn-R4-40-1", "asyn-R4-40-1", "{F96E9D8C-5CA4-42F4-A6B0-A1E28779DE50}"
EndProject
Project("{2150E333-8FDC-42A3-9474-1A3956D46DE8}") = "asyn", "asyn", "{5F8962DB-830E-42EA-8DEC-E87B958D532B}"
EndProject
Project("{8BC9CEB8-8B4A-11D0-8D11-00A0C91BC942}") = "softIoc", "..\..\..\..\base-7.0.6.1\modules\database\src\std\softIoc\softIoc.vcxproj", "{CE14B4D8-C63F-4EA6-9DE4-CACE48EA092C}"
EndProject
Project("{8BC9CEB8-8B4A-11D0-8D11-00A0C91BC942}") = "makeBpt", "..\..\..\..\base-7.0.6.1\modules\database\src\ioc\bpt\makeBpt.vcxproj", "{A17BA797-3CA6-47F9-B47E-673118EABA1A}"
EndProject
Project("{2150E333-8FDC-42A3-9474-1A3956D46DE8}") = "support", "support", "{0419E814-81A1-4054-B88C-0AACD53CAAAB}"
EndProject
Project("{2150E333-8FDC-42A3-9474-1A3956D46DE8}") = "areaDetector", "areaDetector", "{B4C01990-91CA-4F74-95B2-90F7286BCCF9}"
EndProject
Project("{2150E333-8FDC-42A3-9474-1A3956D46DE8}") = "ADKafka", "ADKafka", "{A26F1C8E-2B8E-4D85-8B4E-799905A7BB43}"
EndProject
Project("{2150E333-8FDC-42A3-9474-1A3956D46DE8}") = "iocs", "iocs", "{535DA8BE-A011-462E-8690-E066F4E9BF3F}"
EndProject
Project("{2150E333-8FDC-42A3-9474-1A3956D46DE8}") = "ADKafkaIOC", "ADKafkaIOC", "{A5236B14-0B52-4ED2-A1BF-8846FC73E5CF}"
EndProject
Project("{2150E333-8FDC-42A3-9474-1A3956D46DE8}") = "ADKafkaApp", "ADKafkaApp", "{7B41D864-863A-410A-8A50-6322BC88746D}"
EndProject
Project("{2150E333-8FDC-42A3-9474-1A3956D46DE8}") = "ADKafkaApp", "ADKafkaApp", "{C6D31DE6-C1C3-4378-A005-34DED5D99E49}"
EndProject
Project("{2150E333-8FDC-42A3-9474-1A3956D46DE8}") = "ADSupport", "ADSupport", "{0E746B6F-00AD-449C-9575-03AA410EB23A}"
EndProject
Project("{2150E333-8FDC-42A3-9474-1A3956D46DE8}") = "GraphicsMagickSrc", "GraphicsMagickSrc", "{661DDC1C-3156-48A2-80CD-605B81CCA86C}"
EndProject
Project("{2150E333-8FDC-42A3-9474-1A3956D46DE8}") = "VisualMagick", "VisualMagick", "{7ED86CF4-02D8-4E11-9B8B-0454B502DAA0}"
EndProject
Project("{8BC9CEB8-8B4A-11D0-8D11-00A0C91BC942}") = "CORE_bzlib", "..\..\ADSupport\supportApp\GraphicsMagickSrc\VisualMagick\bzlib\CORE_bzlib.vcxproj", "{2BEE02CB-BAE8-4B48-9D07-4D102A0827BD}"
EndProject
Project("{8BC9CEB8-8B4A-11D0-8D11-00A0C91BC942}") = "CORE_coders", "..\..\ADSupport\supportApp\GraphicsMagickSrc\VisualMagick\coders\CORE_coders.vcxproj", "{DCFE05FB-91FA-4885-BE8C-E3F19D156AC3}"
EndProject
Project("{8BC9CEB8-8B4A-11D0-8D11-00A0C91BC942}") = "CORE_filters", "..\..\ADSupport\supportApp\GraphicsMagickSrc\VisualMagick\filters\CORE_filters.vcxproj", "{BB4263F7-6587-4D6B-9D8D-610072E7B119}"
EndProject
Project("{8BC9CEB8-8B4A-11D0-8D11-00A0C91BC942}") = "CORE_jbig", "..\..\ADSupport\supportApp\GraphicsMagickSrc\VisualMagick\jbig\CORE_jbig.vcxproj", "{56ED8A40-51A5-49EF-BEE1-10A4EF0C11DF}"
EndProject
Project("{8BC9CEB8-8B4A-11D0-8D11-00A0C91BC942}") = "CORE_jp2", "..\..\ADSupport\supportApp\GraphicsMagickSrc\VisualMagick\jp2\CORE_jp2.vcxproj", "{8D4D1E05-54B0-4861-A657-3EEAFEFEBBE2}"
EndProject
Project("{8BC9CEB8-8B4A-11D0-8D11-00A0C91BC942}") = "CORE_lcms", "..\..\ADSupport\supportApp\GraphicsMagickSrc\VisualMagick\lcms\CORE_lcms.vcxproj", "{E2B6D5E1-7383-4DCA-BA1C-05B8F2C44E4E}"
EndProject
Project("{8BC9CEB8-8B4A-11D0-8D11-00A0C91BC942}") = "CORE_magick", "..\..\ADSupport\supportApp\GraphicsMagickSrc\VisualMagick\magick\CORE_magick.vcxproj", "{8F881D50-14C0-4D6D-A47A-086C73BB7DA3}"
EndProject
Project("{8BC9CEB8-8B4A-11D0-8D11-00A0C91BC942}") = "CORE_Magick++", "..\..\ADSupport\supportApp\GraphicsMagickSrc\VisualMagick\Magick++\CORE_Magick++.vcxproj", "{055517C9-0A16-49EB-938A-FF2CFF783B99}"
EndProject
Project("{8BC9CEB8-8B4A-11D0-8D11-00A0C91BC942}") = "CORE_png", "..\..\ADSupport\supportApp\GraphicsMagickSrc\VisualMagick\png\CORE_png.vcxproj", "{BF6E0FF5-5886-4845-B21D-B82D631BEC00}"
EndProject
Project("{8BC9CEB8-8B4A-11D0-8D11-00A0C91BC942}") = "CORE_ttf", "..\..\ADSupport\supportApp\GraphicsMagickSrc\VisualMagick\ttf\CORE_ttf.vcxproj", "{57CD7F0E-D3C6-4914-83AE-315BA04EA555}"
EndProject
Project("{8BC9CEB8-8B4A-11D0-8D11-00A0C91BC942}") = "CORE_webp", "..\..\ADSupport\supportApp\GraphicsMagickSrc\VisualMagick\webp\CORE_webp.vcxproj", "{B483CDC5-37FA-4580-861C-AE28E823781B}"
EndProject
Project("{8BC9CEB8-8B4A-11D0-8D11-00A0C91BC942}") = "CORE_wmf", "..\..\ADSupport\supportApp\GraphicsMagickSrc\VisualMagick\wmf\CORE_wmf.vcxproj", "{D8CE3982-3E41-47A0-9F32-138728B45B6D}"
EndProject
Project("{8BC9CEB8-8B4A-11D0-8D11-00A0C91BC942}") = "CORE_libxml", "..\..\ADSupport\supportApp\GraphicsMagickSrc\VisualMagick\libxml\CORE_libxml.vcxproj", "{8B797ED0-1330-469E-99C8-6D6669921412}"
EndProject
Project("{8BC9CEB8-8B4A-11D0-8D11-00A0C91BC942}") = "CORE_tiff", "..\..\ADSupport\supportApp\GraphicsMagickSrc\VisualMagick\tiff\CORE_tiff.vcxproj", "{E3C6D871-83EC-4F64-815A-AFD9E6B63EDA}"
EndProject
Project("{8BC9CEB8-8B4A-11D0-8D11-00A0C91BC942}") = "CORE_jpeg", "..\..\ADSupport\supportApp\GraphicsMagickSrc\VisualMagick\jpeg\CORE_jpeg.vcxproj", "{D5B667D9-4A72-4CCB-AAF6-8BA2C433EDD6}"
EndProject
Project("{8BC9CEB8-8B4A-11D0-8D11-00A0C91BC942}") = "CORE_zlib", "..\..\ADSupport\supportApp\GraphicsMagickSrc\VisualMagick\zlib\CORE_zlib.vcxproj", "{C4C77088-9772-4F2C-898B-653ACB53B11A}"
EndProject
Project("{2150E333-8FDC-42A3-9474-1A3956D46DE8}") = "bzlib", "bzlib", "{70C08225-F674-4E79-A237-3B127EBFE97D}"
EndProject
Project("{2150E333-8FDC-42A3-9474-1A3956D46DE8}") = "coders", "coders", "{B5013D28-E481-47D3-B52E-EEAA2DDCB241}"
EndProject
Project("{2150E333-8FDC-42A3-9474-1A3956D46DE8}") = "filters", "filters", "{4257A106-41F3-43C7-9724-FA7478668A02}"
EndProject
Project("{2150E333-8FDC-42A3-9474-1A3956D46DE8}") = "jbig", "jbig", "{48A241DB-089E-46A3-A4E0-F004DB022306}"
EndProject
Project("{2150E333-8FDC-42A3-9474-1A3956D46DE8}") = "jp2", "jp2", "{3EE0FE30-35A4-48B8-AD13-F119F5299F35}"
EndProject
Project("{2150E333-8FDC-42A3-9474-1A3956D46DE8}") = "jpeg", "jpeg", "{F9B3E6C2-C70B-43CF-8381-AA97EA117044}"
EndProject
Project("{2150E333-8FDC-42A3-9474-1A3956D46DE8}") = "lcms", "lcms", "{3B97ADD6-46C9-406B-ABAF-93D5F5EC5FC5}"
EndProject
Project("{2150E333-8FDC-42A3-9474-1A3956D46DE8}") = "xml", "xml", "{D1B2AEAF-739D-4831-A43C-D6FB2045D9B8}"
EndProject
Project("{2150E333-8FDC-42A3-9474-1A3956D46DE8}") = "magick", "magick", "{82CEC2D8-02F6-40B3-A641-21088097A2FA}"
EndProject
Project("{2150E333-8FDC-42A3-9474-1A3956D46DE8}") = "Magick++", "Magick++", "{A61EFD1A-FABB-43EC-BE6A-9D7F607158D7}"
EndProject
Project("{2150E333-8FDC-42A3-9474-1A3956D46DE8}") = "png", "png", "{B9A2B380-209A-4DC7-B6B2-8719673BDD2E}"
EndProject
Project("{2150E333-8FDC-42A3-9474-1A3956D46DE8}") = "tiff", "tiff", "{FF30867A-2FAC-4AE6-855E-A7B0C0BBEC6E}"
EndProject
Project("{2150E333-8FDC-42A3-9474-1A3956D46DE8}") = "ttf", "ttf", "{E16DD236-245C-4B58-9786-2484EDDB60EB}"
EndProject
Project("{2150E333-8FDC-42A3-9474-1A3956D46DE8}") = "webp", "webp", "{6CB44AB4-5735-456A-9BDE-D2705C788C8A}"
EndProject
Project("{2150E333-8FDC-42A3-9474-1A3956D46DE8}") = "wmf", "wmf", "{341B6BD2-DBA5-4FCB-B0FD-6344914E88CA}"
EndProject
Project("{2150E333-8FDC-42A3-9474-1A3956D46DE8}") = "zlib", "zlib", "{CB325354-3A04-4948-9E31-50A8754AA822}"
EndProject
Project("{2150E333-8FDC-42A3-9474-1A3956D46DE8}") = "ADCore", "ADCore", "{9E79E287-83E2-4322-A014-9ACA80A1A48C}"
EndProject
Project("{2150E333-8FDC-42A3-9474-1A3956D46DE8}") = "ADApp", "ADApp", "{5AC8D97E-E50B-4280-B7AB-541A6725A26E}"
EndProject
Project("{8BC9CEB8-8B4A-11D0-8D11-00A0C91BC942}") = "ADBase", "..\..\ADCore\ADApp\ADSrc\ADBase.vcxproj", "{77CBC12C-AE16-40EF-A286-A61535F45A99}"
EndProject
Project("{2150E333-8FDC-42A3-9474-1A3956D46DE8}") = "pluginSrc", "pluginSrc", "{E2C160E0-B9FF-4E8E-92B3-FD898011155D}"
EndProject
Project("{8BC9CEB8-8B4A-11D0-8D11-00A0C91BC942}") = "NDPlugin", "..\..\ADCore\ADApp\pluginSrc\NDPlugin.vcxproj", "{98DFF6EA-747C-4964-A11F-7ABB34B314F4}"
EndProject
Project("{2150E333-8FDC-42A3-9474-1A3956D46DE8}") = "hdf5Src", "hdf5Src", "{944D37EB-CA44-4C68-928A-E669406F6EFD}"
EndProject
Project("{8BC9CEB8-8B4A-11D0-8D11-00A0C91BC942}") = "hdf5", "..\..\ADSupport\supportApp\hdf5Src\hdf5.vcxproj", "{A1C1777E-50D2-47DC-91BB-3B328362214A}"
EndProject
Project("{2150E333-8FDC-42A3-9474-1A3956D46DE8}") = "szipSrc", "szipSrc", "{428F6F99-62EF-4478-8924-4B28B5813404}"
EndProject
Project("{8BC9CEB8-8B4A-11D0-8D11-00A0C91BC942}") = "szip", "..\..\ADSupport\supportApp\szipSrc\szip.vcxproj", "{C9C70B97-BFAF-412C-887A-5B1E19181433}"
EndProject
Project("{2150E333-8FDC-42A3-9474-1A3956D46DE8}") = "netCDFSrc", "netCDFSrc", "{97439278-DDB7-4684-B8AD-88EF3FE25108}"
EndProject
Project("{8BC9CEB8-8B4A-11D0-8D11-00A0C91BC942}") = "netCDF", "..\..\ADSupport\supportApp\netCDFSrc\netCDF.vcxproj", "{39A57A7C-0399-40D5-BF95-2940FC941E4D}"
EndProject
Project("{2150E333-8FDC-42A3-9474-1A3956D46DE8}") = "nexusSrc", "nexusSrc", "{2506559D-409F-406E-99AE-4B54DAAD57B7}"
EndProject
Project("{8BC9CEB8-8B4A-11D0-8D11-00A0C91BC942}") = "NeXus", "..\..\ADSupport\supportApp\nexusSrc\NeXus.vcxproj", "{575A12DD-9181-465B-B0E1-C3BF5B3D9171}"
EndProject
Project("{2150E333-8FDC-42A3-9474-1A3956D46DE8}") = "busy", "busy", "{22DFB684-2F2B-4988-83A6-32378C9231B5}"
EndProject
Project("{2150E333-8FDC-42A3-9474-1A3956D46DE8}") = "busyApp", "busyApp", "{E887F24E-278A-4314-9331-FCDF8B47DF97}"
EndProject
Project("{2150E333-8FDC-42A3-9474-1A3956D46DE8}") = "src", "src", "{4F233774-85D0-4E51-A0B1-6B40CA4D0CE8}"
EndProject
Project("{8BC9CEB8-8B4A-11D0-8D11-00A0C91BC942}") = "busy", "..\..\..\busy\busyApp\src\busy.vcxproj", "{98D6B430-C1E3-47D6-AECB-846A7EE2D938}"
EndProject
Project("{2150E333-8FDC-42A3-9474-1A3956D46DE8}") = "calc", "calc", "{77F3BBCD-8410-428C-8C88-974E91240745}"
EndProject
Project("{2150E333-8FDC-42A3-9474-1A3956D46DE8}") = "calcApp", "calcApp", "{5BE0855D-912D-416F-B49E-3C146D4D79AF}"
EndProject
Project("{2150E333-8FDC-42A3-9474-1A3956D46DE8}") = "src", "src", "{7E1AC61D-477B-4899-A276-44F1EFC89D21}"
EndProject
Project("{8BC9CEB8-8B4A-11D0-8D11-00A0C91BC942}") = "calc", "..\..\..\calc\calcApp\src\calc.vcxproj", "{704A182E-FAEA-4E59-B5F4-9DC799F4556A}"
EndProject
Project("{2150E333-8FDC-42A3-9474-1A3956D46DE8}") = "sscan", "sscan", "{57214243-9EDA-4CA2-929E-A3BB43D471B0}"
EndProject
Project("{2150E333-8FDC-42A3-9474-1A3956D46DE8}") = "sscanApp", "sscanApp", "{EC1D535E-4FA4-41F4-9297-85C81083457C}"
EndProject
Project("{2150E333-8FDC-42A3-9474-1A3956D46DE8}") = "src", "src", "{3376CCCF-3390-40F4-A4B4-B82EF5EE1D50}"
EndProject
Project("{8BC9CEB8-8B4A-11D0-8D11-00A0C91BC942}") = "sscan", "..\..\..\sscan\sscanApp\src\sscan.vcxproj", "{BC5F994E-1BFE-4C94-BF8D-86077EF84ED7}"
EndProject
Project("{2150E333-8FDC-42A3-9474-1A3956D46DE8}") = "autosave", "autosave", "{CA2A648F-7A25-4E2E-A299-1F6F5CB1BA8B}"
EndProject
Project("{2150E333-8FDC-42A3-9474-1A3956D46DE8}") = "asApp", "asApp", "{54616F7B-916C-403F-9E2F-35BC73A5A0ED}"
EndProject
Project("{2150E333-8FDC-42A3-9474-1A3956D46DE8}") = "src", "src", "{58A227E3-8DAD-4E95-9158-D9B493A873AD}"
EndProject
Project("{8BC9CEB8-8B4A-11D0-8D11-00A0C91BC942}") = "autosave", "..\..\..\autosave\asApp\src\autosave.vcxproj", "{EC5C161C-4177-49BD-BD1F-2BA6A05F03D4}"
EndProject
Project("{2150E333-8FDC-42A3-9474-1A3956D46DE8}") = "Db", "Db", "{F00FDECF-9B2D-46DB-9E9B-E58B5EFCE42F}"
EndProject
Project("{2150E333-8FDC-42A3-9474-1A3956D46DE8}") = "modules", "modules", "{6AF6EDBD-326D-4467-95A7-6F9F6BF1EC0D}"
EndProject
Project("{2150E333-8FDC-42A3-9474-1A3956D46DE8}") = "ca", "ca", "{F7738AD6-589E-4E29-AFE6-C8B7451598AC}"
EndProject
Project("{2150E333-8FDC-42A3-9474-1A3956D46DE8}") = "src", "src", "{51DB8627-73C6-4281-A95A-D7EEAD522BB9}"
EndProject
Project("{2150E333-8FDC-42A3-9474-1A3956D46DE8}") = "client", "client", "{6578B563-F8D7-44C3-B40A-6B837F0E776D}"
EndProject
Project("{2150E333-8FDC-42A3-9474-1A3956D46DE8}") = "database", "database", "{6481038E-B32B-4610-9C3B-A63858EAF2A8}"
EndProject
Project("{2150E333-8FDC-42A3-9474-1A3956D46DE8}") = "src", "src", "{2E414431-4284-4D3D-8F47-30FBD6D19143}"
EndProject
Project("{2150E333-8FDC-42A3-9474-1A3956D46DE8}") = "ioc", "ioc", "{C53CFE48-B467-4C49-8D65-2CDFEDB14D5D}"
EndProject
Project("{2150E333-8FDC-42A3-9474-1A3956D46DE8}") = "bpt", "bpt", "{B4157FC9-C256-4C7A-A4B0-4FBA0741005E}"
EndProject
Project("{2150E333-8FDC-42A3-9474-1A3956D46DE8}") = "libcom", "libcom", "{8016737C-AEE5-46AC-BCEE-DBDEB35BF367}"
EndProject
Project("{2150E333-8FDC-42A3-9474-1A3956D46DE8}") = "src", "src", "{2FD58519-4492-4BC4-B0F1-89DEC98EE529}"
EndProject
Project("{2150E333-8FDC-42A3-9474-1A3956D46DE8}") = "flex", "flex", "{2EEA64E4-1A17-415B-9AB8-3355BE66D995}"
EndProject
Project("{2150E333-8FDC-42A3-9474-1A3956D46DE8}") = "yacc", "yacc", "{DD225296-B273-489D-A05B-D17C6CBE4341}"
EndProject
Project("{8BC9CEB8-8B4A-11D0-8D11-00A0C91BC942}") = "Com", "..\..\..\..\base-7.0.6.1\modules\libcom\src\Com.vcxproj", "{E9D99FC7-E592-472B-B2E2-C3B0D81D8169}"
EndProject
Project("{2150E333-8FDC-42A3-9474-1A3956D46DE8}") = "std", "std", "{74688810-1710-45EF-8212-01B3CED75CD1}"
EndProject
Project("{2150E333-8FDC-42A3-9474-1A3956D46DE8}") = "softIoc", "softIoc", "{7E7DD709-E81D-4C7A-87EC-12F8C27ECC47}"
EndProject
Project("{2150E333-8FDC-42A3-9474-1A3956D46DE8}") = "tools", "tools", "{6AAD3F7C-84ED-4B67-8A57-E7E15F4F7E98}"
EndProject
Project("{8BC9CEB8-8B4A-11D0-8D11-00A0C91BC942}") = "dbtools", "..\..\..\..\base-7.0.6.1\modules\database\src\tools\dbtools.vcxproj", "{421A512B-4C74-4461-9956-DC5864275D18}"
EndProject
Project("{2150E333-8FDC-42A3-9474-1A3956D46DE8}") = "ntndArrayConverterSrc", "ntndArrayConverterSrc", "{CE66752B-59A9-441E-853B-96FBCDB8B7CA}"
EndProject
Project("{8BC9CEB8-8B4A-11D0-8D11-00A0C91BC942}") = "ntndArrayConverter", "..\..\ADCore\ADApp\ntndArrayConverterSrc\ntndArrayConverter.vcxproj", "{D1D6ACB6-F631-41DC-810D-6EE1326AB388}"
EndProject
Project("{2150E333-8FDC-42A3-9474-1A3956D46DE8}") = "normativeTypes", "normativeTypes", "{DEB05529-77E0-4EEE-A567-2AAE592C785F}"
EndProject
Project("{2150E333-8FDC-42A3-9474-1A3956D46DE8}") = "src", "src", "{355E3371-57FC-4F93-A0DE-5FB3597E2B4B}"
EndProject
Project("{8BC9CEB8-8B4A-11D0-8D11-00A0C91BC942}") = "nt", "..\..\..\..\base-7.0.6.1\modules\normativeTypes\src\nt.vcxproj", "{EE16ABBD-8C46-4901-9623-77B571FA180D}"
EndProject
Project("{2150E333-8FDC-42A3-9474-1A3956D46DE8}") = "pva2pva", "pva2pva", "{388D732A-289A-4FDA-8BAA-5846CCBDA597}"
EndProject
Project("{2150E333-8FDC-42A3-9474-1A3956D46DE8}") = "pdbApp", "pdbApp", "{8F772257-FC32-4CE0-81E3-6EE4311EE76B}"
EndProject
Project("{8BC9CEB8-8B4A-11D0-8D11-00A0C91BC942}") = "qsrv", "..\..\..\..\base-7.0.6.1\modules\pva2pva\pdbApp\qsrv.vcxproj", "{589AB311-372D-4FA2-A3E3-00D530D8C0A8}"
EndProject
Project("{2150E333-8FDC-42A3-9474-1A3956D46DE8}") = "pvAccess", "pvAccess", "{C2DF21DC-50E2-49AA-84AD-CE3C11A7010A}"
EndProject
Project("{2150E333-8FDC-42A3-9474-1A3956D46DE8}") = "src", "src", "{19FDB7E8-B6B9-49B5-8B34-9951239485CC}"
EndProject
Project("{8BC9CEB8-8B4A-11D0-8D11-00A0C91BC942}") = "pvAccess", "..\..\..\..\base-7.0.6.1\modules\pvAccess\src\pvAccess.vcxproj", "{44ECEA7E-D805-49B6-8E89-62EC3994C1F3}"
EndProject
Project("{2150E333-8FDC-42A3-9474-1A3956D46DE8}") = "pvData", "pvData", "{FC04F3E2-E453-448A-9C38-81BEB7ED64C3}"
EndProject
Project("{2150E333-8FDC-42A3-9474-1A3956D46DE8}") = "src", "src", "{A579DE31-7ED1-4022-82C4-C1F923DA84F3}"
EndProject
Project("{8BC9CEB8-8B4A-11D0-8D11-00A0C91BC942}") = "pvData", "..\..\..\..\base-7.0.6.1\modules\pvData\src\pvData.vcxproj", "{F4A51415-2981-42EE-87C7-F29D5805583E}"
EndProject
Project("{2150E333-8FDC-42A3-9474-1A3956D46DE8}") = "pvDatabase", "pvDatabase", "{29863C5A-E3AD-4D3B-9AE1-2EA49136D7EA}"
EndProject
Project("{2150E333-8FDC-42A3-9474-1A3956D46DE8}") = "src", "src", "{6884C537-AAD8-4FFD-A59B-BECE098A6DAA}"
EndProject
Project("{8BC9CEB8-8B4A-11D0-8D11-00A0C91BC942}") = "pvDatabase", "..\..\..\..\base-7.0.6.1\modules\pvDatabase\src\pvDatabase.vcxproj", "{664DC48A-2783-48F6-BCFB-DA5FA36886F6}"
EndProject
Project("{2150E333-8FDC-42A3-9474-1A3956D46DE8}") = "hdf5_hlSrc", "hdf5_hlSrc", "{2FEE4625-32D6-4E8D-9498-2AE4EBD967B1}"
EndProject
Project("{8BC9CEB8-8B4A-11D0-8D11-00A0C91BC942}") = "hdf5_hl", "..\..\ADSupport\supportApp\hdf5_hlSrc\hdf5_hl.vcxproj", "{91739F78-0AEF-404C-B173-317A11441B22}"
EndProject
Project("{8BC9CEB8-8B4A-11D0-8D11-00A0C91BC942}") = "ADKafka", "ADKafkaApp\ADKafka.vcxproj", "{A07A2021-121C-4C5C-8AEF-49E8006FF4B0}"
EndProject
Project("{2150E333-8FDC-42A3-9474-1A3956D46DE8}") = "librdkafka", "librdkafka", "{45444B81-13CB-4432-BF61-D8F967055FBF}"
EndProject
Project("{2150E333-8FDC-42A3-9474-1A3956D46DE8}") = "win32", "win32", "{5F067EF5-6A79-40B9-8C05-6B13263C15D9}"
EndProject
Project("{8BC9CEB8-8B4A-11D0-8D11-00A0C91BC942}") = "librdkafka", "..\..\librdkafka\win32\librdkafka.vcxproj", "{4BEBB59C-477B-4F7A-8AE8-4228D0861E54}"
EndProject
Project("{8BC9CEB8-8B4A-11D0-8D11-00A0C91BC942}") = "librdkafkacpp", "..\..\librdkafka\win32\librdkafkacpp\librdkafkacpp.vcxproj", "{E9641737-EE62-4EC8-88C8-792D2E3CE32D}"
EndProject
Project("{8BC9CEB8-8B4A-11D0-8D11-00A0C91BC942}") = "ADKafkaApp", "iocs\ADKafkaIOC\ADKafkaApp\ADKafkaApp.vcxproj", "{B113F023-4E72-48D0-9DE0-F6BFF5CAC62A}"
EndProject
Global
	GlobalSection(SolutionConfigurationPlatforms) = preSolution
		Debug_DLL|Win32 = Debug_DLL|Win32
		Debug_DLL|x64 = Debug_DLL|x64
		Debug_LIB|Win32 = Debug_LIB|Win32
		Debug_LIB|x64 = Debug_LIB|x64
		Release_DLL|Win32 = Release_DLL|Win32
		Release_DLL|x64 = Release_DLL|x64
		Release_LIB|Win32 = Release_LIB|Win32
		Release_LIB|x64 = Release_LIB|x64
	EndGlobalSection
	GlobalSection(ProjectConfigurationPlatforms) = postSolution
		{C3EA0FF7-6039-4884-BA91-7B4619BEFEA5}.Debug_DLL|Win32.ActiveCfg = Debug_DLL|Win32
		{C3EA0FF7-6039-4884-BA91-7B4619BEFEA5}.Debug_DLL|Win32.Build.0 = Debug_DLL|Win32
		{C3EA0FF7-6039-4884-BA91-7B4619BEFEA5}.Debug_DLL|x64.ActiveCfg = Debug_DLL|x64
		{C3EA0FF7-6039-4884-BA91-7B4619BEFEA5}.Debug_DLL|x64.Build.0 = Debug_DLL|x64
		{C3EA0FF7-6039-4884-BA91-7B4619BEFEA5}.Debug_LIB|Win32.ActiveCfg = Debug_LIB|Win32
		{C3EA0FF7-6039-4884-BA91-7B4619BEFEA5}.Debug_LIB|Win32.Build.0 = Debug_LIB|Win32
		{C3EA0FF7-6039-4884-BA91-7B4619BEFEA5}.Debug_LIB|x64.ActiveCfg = Debug_LIB|x64
		{C3EA0FF7-6039-4884-BA91-7B4619BEFEA5}.Debug_LIB|x64.Build.0 = Debug_LIB|x64
		{C3EA0FF7-6039-4884-BA91-7B4619BEFEA5}.Release_DLL|Win32.ActiveCfg = Release_DLL|Win32
		{C3EA0FF7-6039-4884-BA91-7B4619BEFEA5}.Release_DLL|Win32.Build.0 = Release_DLL|Win32
		{C3EA0FF7-6039-4884-BA91-7B4619BEFEA5}.Release_DLL|x64.ActiveCfg = Release_DLL|x64
		{C3EA0FF7-6039-4884-BA91-7B4619BEFEA5}.Release_DLL|x64.Build.0 = Release_DLL|x64
		{C3EA0FF7-6039-4884-BA91-7B4619BEFEA5}.Release_LIB|Win32.ActiveCfg = Release_LIB|Win32
		{C3EA0FF7-6039-4884-BA91-7B4619BEFEA5}.Release_LIB|Win32.Build.0 = Release_LIB|Win32
		{C3EA0FF7-6039-4884-BA91-7B4619BEFEA5}.Release_LIB|x64.ActiveCfg = Release_LIB|x64
		{C3EA0FF7-6039-4884-BA91-7B4619BEFEA5}.Release_LIB|x64.Build.0 = Release_LIB|x64
		{361BCEBD-8B02-4B15-B28B-863F0602CB99}.Debug_DLL|Win32.ActiveCfg = Debug_DLL|Win32
		{361BCEBD-8B02-4B15-B28B-863F0602CB99}.Debug_DLL|Win32.Build.0 = Debug_DLL|Win32
		{361BCEBD-8B02-4B15-B28B-863F0602CB99}.Debug_DLL|x64.ActiveCfg = Debug_DLL|x64
		{361BCEBD-8B02-4B15-B28B-863F0602CB99}.Debug_DLL|x64.Build.0 = Debug_DLL|x64
		{361BCEBD-8B02-4B15-B28B-863F0602CB99}.Debug_LIB|Win32.ActiveCfg = Debug_LIB|Win32
		{361BCEBD-8B02-4B15-B28B-863F0602CB99}.Debug_LIB|Win32.Build.0 = Debug_LIB|Win32
		{361BCEBD-8B02-4B15-B28B-863F0602CB99}.Debug_LIB|x64.ActiveCfg = Debug_LIB|x64
		{361BCEBD-8B02-4B15-B28B-863F0602CB99}.Debug_LIB|x64.Build.0 = Debug_LIB|x64
		{361BCEBD-8B02-4B15-B28B-863F0602CB99}.Release_DLL|Win32.ActiveCfg = Release_DLL|Win32
		{361BCEBD-8B02-4B15-B28B-863F0602CB99}.Release_DLL|Win32.Build.0 = Release_DLL|Win32
		{361BCEBD-8B02-4B15-B28B-863F0602CB99}.Release_DLL|x64.ActiveCfg = Release_DLL|x64
		{361BCEBD-8B02-4B15-B28B-863F0602CB99}.Release_DLL|x64.Build.0 = Release_DLL|x64
		{361BCEBD-8B02-4B15-B28B-863F0602CB99}.Release_LIB|Win32.ActiveCfg = Release_LIB|Win32
		{361BCEBD-8B02-4B15-B28B-863F0602CB99}.Release_LIB|Win32.Build.0 = Release_LIB|Win32
		{361BCEBD-8B02-4B15-B28B-863F0602CB99}.Release_LIB|x64.ActiveCfg = Release_LIB|x64
		{361BCEBD-8B02-4B15-B28B-863F0602CB99}.Release_LIB|x64.Build.0 = Release_LIB|x64
		{280222D8-1C6B-430D-8F32-C8A47397525B}.Debug_DLL|Win32.ActiveCfg = Debug_DLL|Win32
		{280222D8-1C6B-430D-8F32-C8A47397525B}.Debug_DLL|Win32.Build.0 = Debug_DLL|Win32
		{280222D8-1C6B-430D-8F32-C8A47397525B}.Debug_DLL|x64.ActiveCfg = Debug_DLL|x64
		{280222D8-1C6B-430D-8F32-C8A47397525B}.Debug_DLL|x64.Build.0 = Debug_DLL|x64
		{280222D8-1C6B-430D-8F32-C8A47397525B}.Debug_LIB|Win32.ActiveCfg = Debug_LIB|Win32
		{280222D8-1C6B-430D-8F32-C8A47397525B}.Debug_LIB|Win32.Build.0 = Debug_LIB|Win32
		{280222D8-1C6B-430D-8F32-C8A47397525B}.Debug_LIB|x64.ActiveCfg = Debug_LIB|x64
		{280222D8-1C6B-430D-8F32-C8A47397525B}.Debug_LIB|x64.Build.0 = Debug_LIB|x64
		{280222D8-1C6B-430D-8F32-C8A47397525B}.Release_DLL|Win32.ActiveCfg = Release_DLL|Win32
		{280222D8-1C6B-430D-8F32-C8A47397525B}.Release_DLL|Win32.Build.0 = Release_DLL|Win32
		{280222D8-1C6B-430D-8F32-C8A47397525B}.Release_DLL|x64.ActiveCfg = Release_DLL|x64
		{280222D8-1C6B-430D-8F32-C8A47397525B}.Release_DLL|x64.Build.0 = Release_DLL|x64
		{280222D8-1C6B-430D-8F32-C8A47397525B}.Release_LIB|Win32.ActiveCfg = Release_LIB|Win32
		{280222D8-1C6B-430D-8F32-C8A47397525B}.Release_LIB|Win32.Build.0 = Release_LIB|Win32
		{280222D8-1C6B-430D-8F32-C8A47397525B}.Release_LIB|x64.ActiveCfg = Release_LIB|x64
		{280222D8-1C6B-430D-8F32-C8A47397525B}.Release_LIB|x64.Build.0 = Release_LIB|x64
		{B06AFD40-69E3-4D78-B401-75A27C869381}.Debug_DLL|Win32.ActiveCfg = Debug_DLL|Win32
		{B06AFD40-69E3-4D78-B401-75A27C869381}.Debug_DLL|Win32.Build.0 = Debug_DLL|Win32
		{B06AFD40-69E3-4D78-B401-75A27C869381}.Debug_DLL|x64.ActiveCfg = Debug_DLL|x64
		{B06AFD40-69E3-4D78-B401-75A27C869381}.Debug_DLL|x64.Build.0 = Debug_DLL|x64
		{B06AFD40-69E3-4D78-B401-75A27C869381}.Debug_LIB|Win32.ActiveCfg = Debug_LIB|Win32
		{B06AFD40-69E3-4D78-B401-75A27C869381}.Debug_LIB|Win32.Build.0 = Debug_LIB|Win32
		{B06AFD40-69E3-4D78-B401-75A27C869381}.Debug_LIB|x64.ActiveCfg = Debug_LIB|x64
		{B06AFD40-69E3-4D78-B401-75A27C869381}.Debug_LIB|x64.Build.0 = Debug_LIB|x64
		{B06AFD40-69E3-4D78-B401-75A27C869381}.Release_DLL|Win32.ActiveCfg = Release_DLL|Win32
		{B06AFD40-69E3-4D78-B401-75A27C869381}.Release_DLL|Win32.Build.0 = Release_DLL|Win32
		{B06AFD40-69E3-4D78-B401-75A27C869381}.Release_DLL|x64.ActiveCfg = Release_DLL|x64
		{B06AFD40-69E3-4D78-B401-75A27C869381}.Release_DLL|x64.Build.0 = Release_DLL|x64
		{B06AFD40-69E3-4D78-B401-75A27C869381}.Release_LIB|Win32.ActiveCfg = Release_LIB|Win32
		{B06AFD40-69E3-4D78-B401-75A27C869381}.Release_LIB|Win32.Build.0 = Release_LIB|Win32
		{B06AFD40-69E3-4D78-B401-75A27C869381}.Release_LIB|x64.ActiveCfg = Release_LIB|x64
		{B06AFD40-69E3-4D78-B401-75A27C869381}.Release_LIB|x64.Build.0 = Release_LIB|x64
		{5CCE1C6A-2BD5-48BF-99E2-D29B58F91991}.Debug_DLL|Win32.ActiveCfg = Debug_DLL|Win32
		{5CCE1C6A-2BD5-48BF-99E2-D29B58F91991}.Debug_DLL|Win32.Build.0 = Debug_DLL|Win32
		{5CCE1C6A-2BD5-48BF-99E2-D29B58F91991}.Debug_DLL|x64.ActiveCfg = Debug_DLL|x64
		{5CCE1C6A-2BD5-48BF-99E2-D29B58F91991}.Debug_DLL|x64.Build.0 = Debug_DLL|x64
		{5CCE1C6A-2BD5-48BF-99E2-D29B58F91991}.Debug_LIB|Win32.ActiveCfg = Debug_LIB|Win32
		{5CCE1C6A-2BD5-48BF-99E2-D29B58F91991}.Debug_LIB|Win32.Build.0 = Debug_LIB|Win32
		{5CCE1C6A-2BD5-48BF-99E2-D29B58F91991}.Debug_LIB|x64.ActiveCfg = Debug_LIB|x64
		{5CCE1C6A-2BD5-48BF-99E2-D29B58F91991}.Debug_LIB|x64.Build.0 = Debug_LIB|x64
		{5CCE1C6A-2BD5-48BF-99E2-D29B58F91991}.Release_DLL|Win32.ActiveCfg = Release_DLL|Win32
		{5CCE1C6A-2BD5-48BF-99E2-D29B58F91991}.Release_DLL|Win32.Build.0 = Release_DLL|Win32
		{5CCE1C6A-2BD5-48BF-99E2-D29B58F91991}.Release_DLL|x64.ActiveCfg = Release_DLL|x64
		{5CCE1C6A-2BD5-48BF-99E2-D29B58F91991}.Release_DLL|x64.Build.0 = Release_DLL|x64
		{5CCE1C6A-2BD5-48BF-99E2-D29B58F91991}.Release_LIB|Win32.ActiveCfg = Release_LIB|Win32
		{5CCE1C6A-2BD5-48BF-99E2-D29B58F91991}.Release_LIB|Win32.Build.0 = Release_LIB|Win32
		{5CCE1C6A-2BD5-48BF-99E2-D29B58F91991}.Release_LIB|x64.ActiveCfg = Release_LIB|x64
		{5CCE1C6A-2BD5-48BF-99E2-D29B58F91991}.Release_LIB|x64.Build.0 = Release_LIB|x64
		{422A8C73-836C-48CB-86C8-0591E69C0CA1}.Debug_DLL|Win32.ActiveCfg = Debug_DLL|Win32
		{422A8C73-836C-48CB-86C8-0591E69C0CA1}.Debug_DLL|Win32.Build.0 = Debug_DLL|Win32
		{422A8C73-836C-48CB-86C8-0591E69C0CA1}.Debug_DLL|x64.ActiveCfg = Debug_DLL|x64
		{422A8C73-836C-48CB-86C8-0591E69C0CA1}.Debug_DLL|x64.Build.0 = Debug_DLL|x64
		{422A8C73-836C-48CB-86C8-0591E69C0CA1}.Debug_LIB|Win32.ActiveCfg = Debug_LIB|Win32
		{422A8C73-836C-48CB-86C8-0591E69C0CA1}.Debug_LIB|Win32.Build.0 = Debug_LIB|Win32
		{422A8C73-836C-48CB-86C8-0591E69C0CA1}.Debug_LIB|x64.ActiveCfg = Debug_LIB|x64
		{422A8C73-836C-48CB-86C8-0591E69C0CA1}.Debug_LIB|x64.Build.0 = Debug_LIB|x64
		{422A8C73-836C-48CB-86C8-0591E69C0CA1}.Release_DLL|Win32.ActiveCfg = Release_DLL|Win32
		{422A8C73-836C-48CB-86C8-0591E69C0CA1}.Release_DLL|Win32.Build.0 = Release_DLL|Win32
		{422A8C73-836C-48CB-86C8-0591E69C0CA1}.Release_DLL|x64.ActiveCfg = Release_DLL|x64
		{422A8C73-836C-48CB-86C8-0591E69C0CA1}.Release_DLL|x64.Build.0 = Release_DLL|x64
		{422A8C73-836C-48CB-86C8-0591E69C0CA1}.Release_LIB|Win32.ActiveCfg = Release_LIB|Win32
		{422A8C73-836C-48CB-86C8-0591E69C0CA1}.Release_LIB|Win32.Build.0 = Release_LIB|Win32
		{422A8C73-836C-48CB-86C8-0591E69C0CA1}.Release_LIB|x64.ActiveCfg = Release_LIB|x64
		{422A8C73-836C-48CB-86C8-0591E69C0CA1}.Release_LIB|x64.Build.0 = Release_LIB|x64
		{9CF8D9AB-E47D-4923-A251-80E40B4E7144}.Debug_DLL|Win32.ActiveCfg = Debug_DLL|Win32
		{9CF8D9AB-E47D-4923-A251-80E40B4E7144}.Debug_DLL|Win32.Build.0 = Debug_DLL|Win32
		{9CF8D9AB-E47D-4923-A251-80E40B4E7144}.Debug_DLL|x64.ActiveCfg = Debug_DLL|x64
		{9CF8D9AB-E47D-4923-A251-80E40B4E7144}.Debug_DLL|x64.Build.0 = Debug_DLL|x64
		{9CF8D9AB-E47D-4923-A251-80E40B4E7144}.Debug_LIB|Win32.ActiveCfg = Debug_LIB|Win32
		{9CF8D9AB-E47D-4923-A251-80E40B4E7144}.Debug_LIB|Win32.Build.0 = Debug_LIB|Win32
		{9CF8D9AB-E47D-4923-A251-80E40B4E7144}.Debug_LIB|x64.ActiveCfg = Debug_LIB|x64
		{9CF8D9AB-E47D-4923-A251-80E40B4E7144}.Debug_LIB|x64.Build.0 = Debug_LIB|x64
		{9CF8D9AB-E47D-4923-A251-80E40B4E7144}.Release_DLL|Win32.ActiveCfg = Release_DLL|Win32
		{9CF8D9AB-E47D-4923-A251-80E40B4E7144}.Release_DLL|Win32.Build.0 = Release_DLL|Win32
		{9CF8D9AB-E47D-4923-A251-80E40B4E7144}.Release_DLL|x64.ActiveCfg = Release_DLL|x64
		{9CF8D9AB-E47D-4923-A251-80E40B4E7144}.Release_DLL|x64.Build.0 = Release_DLL|x64
		{9CF8D9AB-E47D-4923-A251-80E40B4E7144}.Release_LIB|Win32.ActiveCfg = Release_LIB|Win32
		{9CF8D9AB-E47D-4923-A251-80E40B4E7144}.Release_LIB|Win32.Build.0 = Release_LIB|Win32
		{9CF8D9AB-E47D-4923-A251-80E40B4E7144}.Release_LIB|x64.ActiveCfg = Release_LIB|x64
		{9CF8D9AB-E47D-4923-A251-80E40B4E7144}.Release_LIB|x64.Build.0 = Release_LIB|x64
		{CE14B4D8-C63F-4EA6-9DE4-CACE48EA092C}.Debug_DLL|Win32.ActiveCfg = Debug_DLL|Win32
		{CE14B4D8-C63F-4EA6-9DE4-CACE48EA092C}.Debug_DLL|Win32.Build.0 = Debug_DLL|Win32
		{CE14B4D8-C63F-4EA6-9DE4-CACE48EA092C}.Debug_DLL|x64.ActiveCfg = Debug_DLL|x64
		{CE14B4D8-C63F-4EA6-9DE4-CACE48EA092C}.Debug_DLL|x64.Build.0 = Debug_DLL|x64
		{CE14B4D8-C63F-4EA6-9DE4-CACE48EA092C}.Debug_LIB|Win32.ActiveCfg = Debug_LIB|Win32
		{CE14B4D8-C63F-4EA6-9DE4-CACE48EA092C}.Debug_LIB|Win32.Build.0 = Debug_LIB|Win32
		{CE14B4D8-C63F-4EA6-9DE4-CACE48EA092C}.Debug_LIB|x64.ActiveCfg = Debug_LIB|x64
		{CE14B4D8-C63F-4EA6-9DE4-CACE48EA092C}.Debug_LIB|x64.Build.0 = Debug_LIB|x64
		{CE14B4D8-C63F-4EA6-9DE4-CACE48EA092C}.Release_DLL|Win32.ActiveCfg = Release_DLL|Win32
		{CE14B4D8-C63F-4EA6-9DE4-CACE48EA092C}.Release_DLL|Win32.Build.0 = Release_DLL|Win32
		{CE14B4D8-C63F-4EA6-9DE4-CACE48EA092C}.Release_DLL|x64.ActiveCfg = Release_DLL|x64
		{CE14B4D8-C63F-4EA6-9DE4-CACE48EA092C}.Release_DLL|x64.Build.0 = Release_DLL|x64
		{CE14B4D8-C63F-4EA6-9DE4-CACE48EA092C}.Release_LIB|Win32.ActiveCfg = Release_LIB|Win32
		{CE14B4D8-C63F-4EA6-9DE4-CACE48EA092C}.Release_LIB|Win32.Build.0 = Release_LIB|Win32
		{CE14B4D8-C63F-4EA6-9DE4-CACE48EA092C}.Release_LIB|x64.ActiveCfg = Release_LIB|x64
		{CE14B4D8-C63F-4EA6-9DE4-CACE48EA092C}.Release_LIB|x64.Build.0 = Release_LIB|x64
		{A17BA797-3CA6-47F9-B47E-673118EABA1A}.Debug_DLL|Win32.ActiveCfg = Debug_DLL|Win32
		{A17BA797-3CA6-47F9-B47E-673118EABA1A}.Debug_DLL|Win32.Build.0 = Debug_DLL|Win32
		{A17BA797-3CA6-47F9-B47E-673118EABA1A}.Debug_DLL|x64.ActiveCfg = Debug_DLL|x64
		{A17BA797-3CA6-47F9-B47E-673118EABA1A}.Debug_DLL|x64.Build.0 = Debug_DLL|x64
		{A17BA797-3CA6-47F9-B47E-673118EABA1A}.Debug_LIB|Win32.ActiveCfg = Debug_LIB|Win32
		{A17BA797-3CA6-47F9-B47E-673118EABA1A}.Debug_LIB|Win32.Build.0 = Debug_LIB|Win32
		{A17BA797-3CA6-47F9-B47E-673118EABA1A}.Debug_LIB|x64.ActiveCfg = Debug_LIB|x64
		{A17BA797-3CA6-47F9-B47E-673118EABA1A}.Debug_LIB|x64.Build.0 = Debug_LIB|x64
		{A17BA797-3CA6-47F9-B47E-673118EABA1A}.Release_DLL|Win32.ActiveCfg = Release_DLL|Win32
		{A17BA797-3CA6-47F9-B47E-673118EABA1A}.Release_DLL|Win32.Build.0 = Release_DLL|Win32
		{A17BA797-3CA6-47F9-B47E-673118EABA1A}.Release_DLL|x64.ActiveCfg = Release_DLL|x64
		{A17BA797-3CA6-47F9-B47E-673118EABA1A}.Release_DLL|x64.Build.0 = Release_DLL|x64
		{A17BA797-3CA6-47F9-B47E-673118EABA1A}.Release_LIB|Win32.ActiveCfg = Release_LIB|Win32
		{A17BA797-3CA6-47F9-B47E-673118EABA1A}.Release_LIB|Win32.Build.0 = Release_LIB|Win32
		{A17BA797-3CA6-47F9-B47E-673118EABA1A}.Release_LIB|x64.ActiveCfg = Release_LIB|x64
		{A17BA797-3CA6-47F9-B47E-673118EABA1A}.Release_LIB|x64.Build.0 = Release_LIB|x64
		{2BEE02CB-BAE8-4B48-9D07-4D102A0827BD}.Debug_DLL|Win32.ActiveCfg = Debug_DLL|Win32
		{2BEE02CB-BAE8-4B48-9D07-4D102A0827BD}.Debug_DLL|Win32.Build.0 = Debug_DLL|Win32
		{2BEE02CB-BAE8-4B48-9D07-4D102A0827BD}.Debug_DLL|x64.ActiveCfg = Debug_DLL|x64
		{2BEE02CB-BAE8-4B48-9D07-4D102A0827BD}.Debug_DLL|x64.Build.0 = Debug_DLL|x64
		{2BEE02CB-BAE8-4B48-9D07-4D102A0827BD}.Debug_LIB|Win32.ActiveCfg = Debug_LIB|Win32
		{2BEE02CB-BAE8-4B48-9D07-4D102A0827BD}.Debug_LIB|Win32.Build.0 = Debug_LIB|Win32
		{2BEE02CB-BAE8-4B48-9D07-4D102A0827BD}.Debug_LIB|x64.ActiveCfg = Debug_LIB|x64
		{2BEE02CB-BAE8-4B48-9D07-4D102A0827BD}.Debug_LIB|x64.Build.0 = Debug_LIB|x64
		{2BEE02CB-BAE8-4B48-9D07-4D102A0827BD}.Release_DLL|Win32.ActiveCfg = Release_DLL|Win32
		{2BEE02CB-BAE8-4B48-9D07-4D102A0827BD}.Release_DLL|Win32.Build.0 = Release_DLL|Win32
		{2BEE02CB-BAE8-4B48-9D07-4D102A0827BD}.Release_DLL|x64.ActiveCfg = Release_DLL|x64
		{2BEE02CB-BAE8-4B48-9D07-4D102A0827BD}.Release_DLL|x64.Build.0 = Release_DLL|x64
		{2BEE02CB-BAE8-4B48-9D07-4D102A0827BD}.Release_LIB|Win32.ActiveCfg = Release_LIB|Win32
		{2BEE02CB-BAE8-4B48-9D07-4D102A0827BD}.Release_LIB|Win32.Build.0 = Release_LIB|Win32
		{2BEE02CB-BAE8-4B48-9D07-4D102A0827BD}.Release_LIB|x64.ActiveCfg = Release_LIB|x64
		{2BEE02CB-BAE8-4B48-9D07-4D102A0827BD}.Release_LIB|x64.Build.0 = Release_LIB|x64
		{DCFE05FB-91FA-4885-BE8C-E3F19D156AC3}.Debug_DLL|Win32.ActiveCfg = Debug_DLL|Win32
		{DCFE05FB-91FA-4885-BE8C-E3F19D156AC3}.Debug_DLL|Win32.Build.0 = Debug_DLL|Win32
		{DCFE05FB-91FA-4885-BE8C-E3F19D156AC3}.Debug_DLL|x64.ActiveCfg = Debug_DLL|x64
		{DCFE05FB-91FA-4885-BE8C-E3F19D156AC3}.Debug_DLL|x64.Build.0 = Debug_DLL|x64
		{DCFE05FB-91FA-4885-BE8C-E3F19D156AC3}.Debug_LIB|Win32.ActiveCfg = Debug_LIB|Win32
		{DCFE05FB-91FA-4885-BE8C-E3F19D156AC3}.Debug_LIB|Win32.Build.0 = Debug_LIB|Win32
		{DCFE05FB-91FA-4885-BE8C-E3F19D156AC3}.Debug_LIB|x64.ActiveCfg = Debug_LIB|x64
		{DCFE05FB-91FA-4885-BE8C-E3F19D156AC3}.Debug_LIB|x64.Build.0 = Debug_LIB|x64
		{DCFE05FB-91FA-4885-BE8C-E3F19D156AC3}.Release_DLL|Win32.ActiveCfg = Release_DLL|Win32
		{DCFE05FB-91FA-4885-BE8C-E3F19D156AC3}.Release_DLL|Win32.Build.0 = Release_DLL|Win32
		{DCFE05FB-91FA-4885-BE8C-E3F19D156AC3}.Release_DLL|x64.ActiveCfg = Release_DLL|x64
		{DCFE05FB-91FA-4885-BE8C-E3F19D156AC3}.Release_DLL|x64.Build.0 = Release_DLL|x64
		{DCFE05FB-91FA-4885-BE8C-E3F19D156AC3}.Release_LIB|Win32.ActiveCfg = Release_LIB|Win32
		{DCFE05FB-91FA-4885-BE8C-E3F19D156AC3}.Release_LIB|Win32.Build.0 = Release_LIB|Win32
		{DCFE05FB-91FA-4885-BE8C-E3F19D156AC3}.Release_LIB|x64.ActiveCfg = Release_LIB|x64
		{DCFE05FB-91FA-4885-BE8C-E3F19D156AC3}.Release_LIB|x64.Build.0 = Release_LIB|x64
		{BB4263F7-6587-4D6B-9D8D-610072E7B119}.Debug_DLL|Win32.ActiveCfg = Debug_DLL|Win32
		{BB4263F7-6587-4D6B-9D8D-610072E7B119}.Debug_DLL|Win32.Build.0 = Debug_DLL|Win32
		{BB4263F7-6587-4D6B-9D8D-610072E7B119}.Debug_DLL|x64.ActiveCfg = Debug_DLL|x64
		{BB4263F7-6587-4D6B-9D8D-610072E7B119}.Debug_DLL|x64.Build.0 = Debug_DLL|x64
		{BB4263F7-6587-4D6B-9D8D-610072E7B119}.Debug_LIB|Win32.ActiveCfg = Debug_LIB|Win32
		{BB4263F7-6587-4D6B-9D8D-610072E7B119}.Debug_LIB|Win32.Build.0 = Debug_LIB|Win32
		{BB4263F7-6587-4D6B-9D8D-610072E7B119}.Debug_LIB|x64.ActiveCfg = Debug_LIB|x64
		{BB4263F7-6587-4D6B-9D8D-610072E7B119}.Debug_LIB|x64.Build.0 = Debug_LIB|x64
		{BB4263F7-6587-4D6B-9D8D-610072E7B119}.Release_DLL|Win32.ActiveCfg = Release_DLL|Win32
		{BB4263F7-6587-4D6B-9D8D-610072E7B119}.Release_DLL|Win32.Build.0 = Release_DLL|Win32
		{BB4263F7-6587-4D6B-9D8D-610072E7B119}.Release_DLL|x64.ActiveCfg = Release_DLL|x64
		{BB4263F7-6587-4D6B-9D8D-610072E7B119}.Release_DLL|x64.Build.0 = Release_DLL|x64
		{BB4263F7-6587-4D6B-9D8D-610072E7B119}.Release_LIB|Win32.ActiveCfg = Release_LIB|Win32
		{BB4263F7-6587-4D6B-9D8D-610072E7B119}.Release_LIB|Win32.Build.0 = Release_LIB|Win32
		{BB4263F7-6587-4D6B-9D8D-610072E7B119}.Release_LIB|x64.ActiveCfg = Release_LIB|x64
		{BB4263F7-6587-4D6B-9D8D-610072E7B119}.Release_LIB|x64.Build.0 = Release_LIB|x64
		{56ED8A40-51A5-49EF-BEE1-10A4EF0C11DF}.Debug_DLL|Win32.ActiveCfg = Debug_DLL|Win32
		{56ED8A40-51A5-49EF-BEE1-10A4EF0C11DF}.Debug_DLL|Win32.Build.0 = Debug_DLL|Win32
		{56ED8A40-51A5-49EF-BEE1-10A4EF0C11DF}.Debug_DLL|x64.ActiveCfg = Debug_DLL|x64
		{56ED8A40-51A5-49EF-BEE1-10A4EF0C11DF}.Debug_DLL|x64.Build.0 = Debug_DLL|x64
		{56ED8A40-51A5-49EF-BEE1-10A4EF0C11DF}.Debug_LIB|Win32.ActiveCfg = Debug_LIB|Win32
		{56ED8A40-51A5-49EF-BEE1-10A4EF0C11DF}.Debug_LIB|Win32.Build.0 = Debug_LIB|Win32
		{56ED8A40-51A5-49EF-BEE1-10A4EF0C11DF}.Debug_LIB|x64.ActiveCfg = Debug_LIB|x64
		{56ED8A40-51A5-49EF-BEE1-10A4EF0C11DF}.Debug_LIB|x64.Build.0 = Debug_LIB|x64
		{56ED8A40-51A5-49EF-BEE1-10A4EF0C11DF}.Release_DLL|Win32.ActiveCfg = Release_DLL|Win32
		{56ED8A40-51A5-49EF-BEE1-10A4EF0C11DF}.Release_DLL|Win32.Build.0 = Release_DLL|Win32
		{56ED8A40-51A5-49EF-BEE1-10A4EF0C11DF}.Release_DLL|x64.ActiveCfg = Release_DLL|x64
		{56ED8A40-51A5-49EF-BEE1-10A4EF0C11DF}.Release_DLL|x64.Build.0 = Release_DLL|x64
		{56ED8A40-51A5-49EF-BEE1-10A4EF0C11DF}.Release_LIB|Win32.ActiveCfg = Release_LIB|Win32
		{56ED8A40-51A5-49EF-BEE1-10A4EF0C11DF}.Release_LIB|Win32.Build.0 = Release_LIB|Win32
		{56ED8A40-51A5-49EF-BEE1-10A4EF0C11DF}.Release_LIB|x64.ActiveCfg = Release_LIB|x64
		{56ED8A40-51A5-49EF-BEE1-10A4EF0C11DF}.Release_LIB|x64.Build.0 = Release_LIB|x64
		{8D4D1E05-54B0-4861-A657-3EEAFEFEBBE2}.Debug_DLL|Win32.ActiveCfg = Debug_DLL|Win32
		{8D4D1E05-54B0-4861-A657-3EEAFEFEBBE2}.Debug_DLL|Win32.Build.0 = Debug_DLL|Win32
		{8D4D1E05-54B0-4861-A657-3EEAFEFEBBE2}.Debug_DLL|x64.ActiveCfg = Debug_DLL|x64
		{8D4D1E05-54B0-4861-A657-3EEAFEFEBBE2}.Debug_DLL|x64.Build.0 = Debug_DLL|x64
		{8D4D1E05-54B0-4861-A657-3EEAFEFEBBE2}.Debug_LIB|Win32.ActiveCfg = Debug_LIB|Win32
		{8D4D1E05-54B0-4861-A657-3EEAFEFEBBE2}.Debug_LIB|Win32.Build.0 = Debug_LIB|Win32
		{8D4D1E05-54B0-4861-A657-3EEAFEFEBBE2}.Debug_LIB|x64.ActiveCfg = Debug_LIB|x64
		{8D4D1E05-54B0-4861-A657-3EEAFEFEBBE2}.Debug_LIB|x64.Build.0 = Debug_LIB|x64
		{8D4D1E05-54B0-4861-A657-3EEAFEFEBBE2}.Release_DLL|Win32.ActiveCfg = Release_DLL|Win32
		{8D4D1E05-54B0-4861-A657-3EEAFEFEBBE2}.Release_DLL|Win32.Build.0 = Release_DLL|Win32
		{8D4D1E05-54B0-4861-A657-3EEAFEFEBBE2}.Release_DLL|x64.ActiveCfg = Release_DLL|x64
		{8D4D1E05-54B0-4861-A657-3EEAFEFEBBE2}.Release_DLL|x64.Build.0 = Release_DLL|x64
		{8D4D1E05-54B0-4861-A657-3EEAFEFEBBE2}.Release_LIB|Win32.ActiveCfg = Release_LIB|Win32
		{8D4D1E05-54B0-4861-A657-3EEAFEFEBBE2}.Release_LIB|Win32.Build.0 = Release_LIB|Win32
		{8D4D1E05-54B0-4861-A657-3EEAFEFEBBE2}.Release_LIB|x64.ActiveCfg = Release_LIB|x64
		{8D4D1E05-54B0-4861-A657-3EEAFEFEBBE2}.Release_LIB|x64.Build.0 = Release_LIB|x64
		{E2B6D5E1-7383-4DCA-BA1C-05B8F2C44E4E}.Debug_DLL|Win32.ActiveCfg = Debug_DLL|Win32
		{E2B6D5E1-7383-4DCA-BA1C-05B8F2C44E4E}.Debug_DLL|Win32.Build.0 = Debug_DLL|Win32
		{E2B6D5E1-7383-4DCA-BA1C-05B8F2C44E4E}.Debug_DLL|x64.ActiveCfg = Debug_DLL|x64
		{E2B6D5E1-7383-4DCA-BA1C-05B8F2C44E4E}.Debug_DLL|x64.Build.0 = Debug_DLL|x64
		{E2B6D5E1-7383-4DCA-BA1C-05B8F2C44E4E}.Debug_LIB|Win32.ActiveCfg = Debug_LIB|Win32
		{E2B6D5E1-7383-4DCA-BA1C-05B8F2C44E4E}.Debug_LIB|Win32.Build.0 = Debug_LIB|Win32
		{E2B6D5E1-7383-4DCA-BA1C-05B8F2C44E4E}.Debug_LIB|x64.ActiveCfg = Debug_LIB|x64
		{E2B6D5E1-7383-4DCA-BA1C-05B8F2C44E4E}.Debug_LIB|x64.Build.0 = Debug_LIB|x64
		{E2B6D5E1-7383-4DCA-BA1C-05B8F2C44E4E}.Release_DLL|Win32.ActiveCfg = Release_DLL|Win32
		{E2B6D5E1-7383-4DCA-BA1C-05B8F2C44E4E}.Release_DLL|Win32.Build.0 = Release_DLL|Win32
		{E2B6D5E1-7383-4DCA-BA1C-05B8F2C44E4E}.Release_DLL|x64.ActiveCfg = Release_DLL|x64
		{E2B6D5E1-7383-4DCA-BA1C-05B8F2C44E4E}.Release_DLL|x64.Build.0 = Release_DLL|x64
		{E2B6D5E1-7383-4DCA-BA1C-05B8F2C44E4E}.Release_LIB|Win32.ActiveCfg = Release_LIB|Win32
		{E2B6D5E1-7383-4DCA-BA1C-05B8F2C44E4E}.Release_LIB|Win32.Build.0 = Release_LIB|Win32
		{E2B6D5E1-7383-4DCA-BA1C-05B8F2C44E4E}.Release_LIB|x64.ActiveCfg = Release_LIB|x64
		{E2B6D5E1-7383-4DCA-BA1C-05B8F2C44E4E}.Release_LIB|x64.Build.0 = Release_LIB|x64
		{8F881D50-14C0-4D6D-A47A-086C73BB7DA3}.Debug_DLL|Win32.ActiveCfg = Debug_DLL|Win32
		{8F881D50-14C0-4D6D-A47A-086C73BB7DA3}.Debug_DLL|Win32.Build.0 = Debug_DLL|Win32
		{8F881D50-14C0-4D6D-A47A-086C73BB7DA3}.Debug_DLL|x64.ActiveCfg = Debug_DLL|x64
		{8F881D50-14C0-4D6D-A47A-086C73BB7DA3}.Debug_DLL|x64.Build.0 = Debug_DLL|x64
		{8F881D50-14C0-4D6D-A47A-086C73BB7DA3}.Debug_LIB|Win32.ActiveCfg = Debug_LIB|Win32
		{8F881D50-14C0-4D6D-A47A-086C73BB7DA3}.Debug_LIB|Win32.Build.0 = Debug_LIB|Win32
		{8F881D50-14C0-4D6D-A47A-086C73BB7DA3}.Debug_LIB|x64.ActiveCfg = Debug_LIB|x64
		{8F881D50-14C0-4D6D-A47A-086C73BB7DA3}.Debug_LIB|x64.Build.0 = Debug_LIB|x64
		{8F881D50-14C0-4D6D-A47A-086C73BB7DA3}.Release_DLL|Win32.ActiveCfg = Release_DLL|Win32
		{8F881D50-14C0-4D6D-A47A-086C73BB7DA3}.Release_DLL|Win32.Build.0 = Release_DLL|Win32
		{8F881D50-14C0-4D6D-A47A-086C73BB7DA3}.Release_DLL|x64.ActiveCfg = Release_DLL|x64
		{8F881D50-14C0-4D6D-A47A-086C73BB7DA3}.Release_DLL|x64.Build.0 = Release_DLL|x64
		{8F881D50-14C0-4D6D-A47A-086C73BB7DA3}.Release_LIB|Win32.ActiveCfg = Release_LIB|Win32
		{8F881D50-14C0-4D6D-A47A-086C73BB7DA3}.Release_LIB|Win32.Build.0 = Release_LIB|Win32
		{8F881D50-14C0-4D6D-A47A-086C73BB7DA3}.Release_LIB|x64.ActiveCfg = Release_LIB|x64
		{8F881D50-14C0-4D6D-A47A-086C73BB7DA3}.Release_LIB|x64.Build.0 = Release_LIB|x64
		{055517C9-0A16-49EB-938A-FF2CFF783B99}.Debug_DLL|Win32.ActiveCfg = Debug_DLL|Win32
		{055517C9-0A16-49EB-938A-FF2CFF783B99}.Debug_DLL|Win32.Build.0 = Debug_DLL|Win32
		{055517C9-0A16-49EB-938A-FF2CFF783B99}.Debug_DLL|x64.ActiveCfg = Debug_DLL|x64
		{055517C9-0A16-49EB-938A-FF2CFF783B99}.Debug_DLL|x64.Build.0 = Debug_DLL|x64
		{055517C9-0A16-49EB-938A-FF2CFF783B99}.Debug_LIB|Win32.ActiveCfg = Debug_LIB|Win32
		{055517C9-0A16-49EB-938A-FF2CFF783B99}.Debug_LIB|Win32.Build.0 = Debug_LIB|Win32
		{055517C9-0A16-49EB-938A-FF2CFF783B99}.Debug_LIB|x64.ActiveCfg = Debug_LIB|x64
		{055517C9-0A16-49EB-938A-FF2CFF783B99}.Debug_LIB|x64.Build.0 = Debug_LIB|x64
		{055517C9-0A16-49EB-938A-FF2CFF783B99}.Release_DLL|Win32.ActiveCfg = Release_DLL|Win32
		{055517C9-0A16-49EB-938A-FF2CFF783B99}.Release_DLL|Win32.Build.0 = Release_DLL|Win32
		{055517C9-0A16-49EB-938A-FF2CFF783B99}.Release_DLL|x64.ActiveCfg = Release_DLL|x64
		{055517C9-0A16-49EB-938A-FF2CFF783B99}.Release_DLL|x64.Build.0 = Release_DLL|x64
		{055517C9-0A16-49EB-938A-FF2CFF783B99}.Release_LIB|Win32.ActiveCfg = Release_LIB|Win32
		{055517C9-0A16-49EB-938A-FF2CFF783B99}.Release_LIB|Win32.Build.0 = Release_LIB|Win32
		{055517C9-0A16-49EB-938A-FF2CFF783B99}.Release_LIB|x64.ActiveCfg = Release_LIB|x64
		{055517C9-0A16-49EB-938A-FF2CFF783B99}.Release_LIB|x64.Build.0 = Release_LIB|x64
		{BF6E0FF5-5886-4845-B21D-B82D631BEC00}.Debug_DLL|Win32.ActiveCfg = Debug_DLL|Win32
		{BF6E0FF5-5886-4845-B21D-B82D631BEC00}.Debug_DLL|Win32.Build.0 = Debug_DLL|Win32
		{BF6E0FF5-5886-4845-B21D-B82D631BEC00}.Debug_DLL|x64.ActiveCfg = Debug_DLL|x64
		{BF6E0FF5-5886-4845-B21D-B82D631BEC00}.Debug_DLL|x64.Build.0 = Debug_DLL|x64
		{BF6E0FF5-5886-4845-B21D-B82D631BEC00}.Debug_LIB|Win32.ActiveCfg = Debug_LIB|Win32
		{BF6E0FF5-5886-4845-B21D-B82D631BEC00}.Debug_LIB|Win32.Build.0 = Debug_LIB|Win32
		{BF6E0FF5-5886-4845-B21D-B82D631BEC00}.Debug_LIB|x64.ActiveCfg = Debug_LIB|x64
		{BF6E0FF5-5886-4845-B21D-B82D631BEC00}.Debug_LIB|x64.Build.0 = Debug_LIB|x64
		{BF6E0FF5-5886-4845-B21D-B82D631BEC00}.Release_DLL|Win32.ActiveCfg = Release_DLL|Win32
		{BF6E0FF5-5886-4845-B21D-B82D631BEC00}.Release_DLL|Win32.Build.0 = Release_DLL|Win32
		{BF6E0FF5-5886-4845-B21D-B82D631BEC00}.Release_DLL|x64.ActiveCfg = Release_DLL|x64
		{BF6E0FF5-5886-4845-B21D-B82D631BEC00}.Release_DLL|x64.Build.0 = Release_DLL|x64
		{BF6E0FF5-5886-4845-B21D-B82D631BEC00}.Release_LIB|Win32.ActiveCfg = Release_LIB|Win32
		{BF6E0FF5-5886-4845-B21D-B82D631BEC00}.Release_LIB|Win32.Build.0 = Release_LIB|Win32
		{BF6E0FF5-5886-4845-B21D-B82D631BEC00}.Release_LIB|x64.ActiveCfg = Release_LIB|x64
		{BF6E0FF5-5886-4845-B21D-B82D631BEC00}.Release_LIB|x64.Build.0 = Release_LIB|x64
		{57CD7F0E-D3C6-4914-83AE-315BA04EA555}.Debug_DLL|Win32.ActiveCfg = Debug_DLL|Win32
		{57CD7F0E-D3C6-4914-83AE-315BA04EA555}.Debug_DLL|Win32.Build.0 = Debug_DLL|Win32
		{57CD7F0E-D3C6-4914-83AE-315BA04EA555}.Debug_DLL|x64.ActiveCfg = Debug_DLL|x64
		{57CD7F0E-D3C6-4914-83AE-315BA04EA555}.Debug_DLL|x64.Build.0 = Debug_DLL|x64
		{57CD7F0E-D3C6-4914-83AE-315BA04EA555}.Debug_LIB|Win32.ActiveCfg = Debug_LIB|Win32
		{57CD7F0E-D3C6-4914-83AE-315BA04EA555}.Debug_LIB|Win32.Build.0 = Debug_LIB|Win32
		{57CD7F0E-D3C6-4914-83AE-315BA04EA555}.Debug_LIB|x64.ActiveCfg = Debug_LIB|x64
		{57CD7F0E-D3C6-4914-83AE-315BA04EA555}.Debug_LIB|x64.Build.0 = Debug_LIB|x64
		{57CD7F0E-D3C6-4914-83AE-315BA04EA555}.Release_DLL|Win32.ActiveCfg = Release_DLL|Win32
		{57CD7F0E-D3C6-4914-83AE-315BA04EA555}.Release_DLL|Win32.Build.0 = Release_DLL|Win32
		{57CD7F0E-D3C6-4914-83AE-315BA04EA555}.Release_DLL|x64.ActiveCfg = Release_DLL|x64
		{57CD7F0E-D3C6-4914-83AE-315BA04EA555}.Release_DLL|x64.Build.0 = Release_DLL|x64
		{57CD7F0E-D3C6-4914-83AE-315BA04EA555}.Release_LIB|Win32.ActiveCfg = Release_LIB|Win32
		{57CD7F0E-D3C6-4914-83AE-315BA04EA555}.Release_LIB|Win32.Build.0 = Release_LIB|Win32
		{57CD7F0E-D3C6-4914-83AE-315BA04EA555}.Release_LIB|x64.ActiveCfg = Release_LIB|x64
		{57CD7F0E-D3C6-4914-83AE-315BA04EA555}.Release_LIB|x64.Build.0 = Release_LIB|x64
		{B483CDC5-37FA-4580-861C-AE28E823781B}.Debug_DLL|Win32.ActiveCfg = Debug_DLL|Win32
		{B483CDC5-37FA-4580-861C-AE28E823781B}.Debug_DLL|Win32.Build.0 = Debug_DLL|Win32
		{B483CDC5-37FA-4580-861C-AE28E823781B}.Debug_DLL|x64.ActiveCfg = Debug_DLL|x64
		{B483CDC5-37FA-4580-861C-AE28E823781B}.Debug_DLL|x64.Build.0 = Debug_DLL|x64
		{B483CDC5-37FA-4580-861C-AE28E823781B}.Debug_LIB|Win32.ActiveCfg = Debug_LIB|Win32
		{B483CDC5-37FA-4580-861C-AE28E823781B}.Debug_LIB|Win32.Build.0 = Debug_LIB|Win32
		{B483CDC5-37FA-4580-861C-AE28E823781B}.Debug_LIB|x64.ActiveCfg = Debug_LIB|x64
		{B483CDC5-37FA-4580-861C-AE28E823781B}.Debug_LIB|x64.Build.0 = Debug_LIB|x64
		{B483CDC5-37FA-4580-861C-AE28E823781B}.Release_DLL|Win32.ActiveCfg = Release_DLL|Win32
		{B483CDC5-37FA-4580-861C-AE28E823781B}.Release_DLL|Win32.Build.0 = Release_DLL|Win32
		{B483CDC5-37FA-4580-861C-AE28E823781B}.Release_DLL|x64.ActiveCfg = Release_DLL|x64
		{B483CDC5-37FA-4580-861C-AE28E823781B}.Release_DLL|x64.Build.0 = Release_DLL|x64
		{B483CDC5-37FA-4580-861C-AE28E823781B}.Release_LIB|Win32.ActiveCfg = Release_LIB|Win32
		{B483CDC5-37FA-4580-861C-AE28E823781B}.Release_LIB|Win32.Build.0 = Release_LIB|Win32
		{B483CDC5-37FA-4580-861C-AE28E823781B}.Release_LIB|x64.ActiveCfg = Release_LIB|x64
		{B483CDC5-37FA-4580-861C-AE28E823781B}.Release_LIB|x64.Build.0 = Release_LIB|x64
		{D8CE3982-3E41-47A0-9F32-138728B45B6D}.Debug_DLL|Win32.ActiveCfg = Debug_DLL|Win32
		{D8CE3982-3E41-47A0-9F32-138728B45B6D}.Debug_DLL|Win32.Build.0 = Debug_DLL|Win32
		{D8CE3982-3E41-47A0-9F32-138728B45B6D}.Debug_DLL|x64.ActiveCfg = Debug_DLL|x64
		{D8CE3982-3E41-47A0-9F32-138728B45B6D}.Debug_DLL|x64.Build.0 = Debug_DLL|x64
		{D8CE3982-3E41-47A0-9F32-138728B45B6D}.Debug_LIB|Win32.ActiveCfg = Debug_LIB|Win32
		{D8CE3982-3E41-47A0-9F32-138728B45B6D}.Debug_LIB|Win32.Build.0 = Debug_LIB|Win32
		{D8CE3982-3E41-47A0-9F32-138728B45B6D}.Debug_LIB|x64.ActiveCfg = Debug_LIB|x64
		{D8CE3982-3E41-47A0-9F32-138728B45B6D}.Debug_LIB|x64.Build.0 = Debug_LIB|x64
		{D8CE3982-3E41-47A0-9F32-138728B45B6D}.Release_DLL|Win32.ActiveCfg = Release_DLL|Win32
		{D8CE3982-3E41-47A0-9F32-138728B45B6D}.Release_DLL|Win32.Build.0 = Release_DLL|Win32
		{D8CE3982-3E41-47A0-9F32-138728B45B6D}.Release_DLL|x64.ActiveCfg = Release_DLL|x64
		{D8CE3982-3E41-47A0-9F32-138728B45B6D}.Release_DLL|x64.Build.0 = Release_DLL|x64
		{D8CE3982-3E41-47A0-9F32-138728B45B6D}.Release_LIB|Win32.ActiveCfg = Release_LIB|Win32
		{D8CE3982-3E41-47A0-9F32-138728B45B6D}.Release_LIB|Win32.Build.0 = Release_LIB|Win32
		{D8CE3982-3E41-47A0-9F32-138728B45B6D}.Release_LIB|x64.ActiveCfg = Release_LIB|x64
		{D8CE3982-3E41-47A0-9F32-138728B45B6D}.Release_LIB|x64.Build.0 = Release_LIB|x64
		{8B797ED0-1330-469E-99C8-6D6669921412}.Debug_DLL|Win32.ActiveCfg = Debug_DLL|Win32
		{8B797ED0-1330-469E-99C8-6D6669921412}.Debug_DLL|Win32.Build.0 = Debug_DLL|Win32
		{8B797ED0-1330-469E-99C8-6D6669921412}.Debug_DLL|x64.ActiveCfg = Debug_DLL|x64
		{8B797ED0-1330-469E-99C8-6D6669921412}.Debug_DLL|x64.Build.0 = Debug_DLL|x64
		{8B797ED0-1330-469E-99C8-6D6669921412}.Debug_LIB|Win32.ActiveCfg = Debug_LIB|Win32
		{8B797ED0-1330-469E-99C8-6D6669921412}.Debug_LIB|Win32.Build.0 = Debug_LIB|Win32
		{8B797ED0-1330-469E-99C8-6D6669921412}.Debug_LIB|x64.ActiveCfg = Debug_LIB|x64
		{8B797ED0-1330-469E-99C8-6D6669921412}.Debug_LIB|x64.Build.0 = Debug_LIB|x64
		{8B797ED0-1330-469E-99C8-6D6669921412}.Release_DLL|Win32.ActiveCfg = Release_DLL|Win32
		{8B797ED0-1330-469E-99C8-6D6669921412}.Release_DLL|Win32.Build.0 = Release_DLL|Win32
		{8B797ED0-1330-469E-99C8-6D6669921412}.Release_DLL|x64.ActiveCfg = Release_DLL|x64
		{8B797ED0-1330-469E-99C8-6D6669921412}.Release_DLL|x64.Build.0 = Release_DLL|x64
		{8B797ED0-1330-469E-99C8-6D6669921412}.Release_LIB|Win32.ActiveCfg = Release_LIB|Win32
		{8B797ED0-1330-469E-99C8-6D6669921412}.Release_LIB|Win32.Build.0 = Release_LIB|Win32
		{8B797ED0-1330-469E-99C8-6D6669921412}.Release_LIB|x64.ActiveCfg = Release_LIB|x64
		{8B797ED0-1330-469E-99C8-6D6669921412}.Release_LIB|x64.Build.0 = Release_LIB|x64
		{E3C6D871-83EC-4F64-815A-AFD9E6B63EDA}.Debug_DLL|Win32.ActiveCfg = Debug_DLL|Win32
		{E3C6D871-83EC-4F64-815A-AFD9E6B63EDA}.Debug_DLL|Win32.Build.0 = Debug_DLL|Win32
		{E3C6D871-83EC-4F64-815A-AFD9E6B63EDA}.Debug_DLL|x64.ActiveCfg = Debug_DLL|x64
		{E3C6D871-83EC-4F64-815A-AFD9E6B63EDA}.Debug_DLL|x64.Build.0 = Debug_DLL|x64
		{E3C6D871-83EC-4F64-815A-AFD9E6B63EDA}.Debug_LIB|Win32.ActiveCfg = Debug_LIB|Win32
		{E3C6D871-83EC-4F64-815A-AFD9E6B63EDA}.Debug_LIB|Win32.Build.0 = Debug_LIB|Win32
		{E3C6D871-83EC-4F64-815A-AFD9E6B63EDA}.Debug_LIB|x64.ActiveCfg = Debug_LIB|x64
		{E3C6D871-83EC-4F64-815A-AFD9E6B63EDA}.Debug_LIB|x64.Build.0 = Debug_LIB|x64
		{E3C6D871-83EC-4F64-815A-AFD9E6B63EDA}.Release_DLL|Win32.ActiveCfg = Release_DLL|Win32
		{E3C6D871-83EC-4F64-815A-AFD9E6B63EDA}.Release_DLL|Win32.Build.0 = Release_DLL|Win32
		{E3C6D871-83EC-4F64-815A-AFD9E6B63EDA}.Release_DLL|x64.ActiveCfg = Release_DLL|x64
		{E3C6D871-83EC-4F64-815A-AFD9E6B63EDA}.Release_DLL|x64.Build.0 = Release_DLL|x64
		{E3C6D871-83EC-4F64-815A-AFD9E6B63EDA}.Release_LIB|Win32.ActiveCfg = Release_LIB|Win32
		{E3C6D871-83EC-4F64-815A-AFD9E6B63EDA}.Release_LIB|Win32.Build.0 = Release_LIB|Win32
		{E3C6D871-83EC-4F64-815A-AFD9E6B63EDA}.Release_LIB|x64.ActiveCfg = Release_LIB|x64
		{E3C6D871-83EC-4F64-815A-AFD9E6B63EDA}.Release_LIB|x64.Build.0 = Release_LIB|x64
		{D5B667D9-4A72-4CCB-AAF6-8BA2C433EDD6}.Debug_DLL|Win32.ActiveCfg = Debug_DLL|Win32
		{D5B667D9-4A72-4CCB-AAF6-8BA2C433EDD6}.Debug_DLL|Win32.Build.0 = Debug_DLL|Win32
		{D5B667D9-4A72-4CCB-AAF6-8BA2C433EDD6}.Debug_DLL|x64.ActiveCfg = Debug_DLL|x64
		{D5B667D9-4A72-4CCB-AAF6-8BA2C433EDD6}.Debug_DLL|x64.Build.0 = Debug_DLL|x64
		{D5B667D9-4A72-4CCB-AAF6-8BA2C433EDD6}.Debug_LIB|Win32.ActiveCfg = Debug_LIB|Win32
		{D5B667D9-4A72-4CCB-AAF6-8BA2C433EDD6}.Debug_LIB|Win32.Build.0 = Debug_LIB|Win32
		{D5B667D9-4A72-4CCB-AAF6-8BA2C433EDD6}.Debug_LIB|x64.ActiveCfg = Debug_LIB|x64
		{D5B667D9-4A72-4CCB-AAF6-8BA2C433EDD6}.Debug_LIB|x64.Build.0 = Debug_LIB|x64
		{D5B667D9-4A72-4CCB-AAF6-8BA2C433EDD6}.Release_DLL|Win32.ActiveCfg = Release_DLL|Win32
		{D5B667D9-4A72-4CCB-AAF6-8BA2C433EDD6}.Release_DLL|Win32.Build.0 = Release_DLL|Win32
		{D5B667D9-4A72-4CCB-AAF6-8BA2C433EDD6}.Release_DLL|x64.ActiveCfg = Release_DLL|x64
		{D5B667D9-4A72-4CCB-AAF6-8BA2C433EDD6}.Release_DLL|x64.Build.0 = Release_DLL|x64
		{D5B667D9-4A72-4CCB-AAF6-8BA2C433EDD6}.Release_LIB|Win32.ActiveCfg = Release_LIB|Win32
		{D5B667D9-4A72-4CCB-AAF6-8BA2C433EDD6}.Release_LIB|Win32.Build.0 = Release_LIB|Win32
		{D5B667D9-4A72-4CCB-AAF6-8BA2C433EDD6}.Release_LIB|x64.ActiveCfg = Release_LIB|x64
		{D5B667D9-4A72-4CCB-AAF6-8BA2C433EDD6}.Release_LIB|x64.Build.0 = Release_LIB|x64
		{C4C77088-9772-4F2C-898B-653ACB53B11A}.Debug_DLL|Win32.ActiveCfg = Debug_DLL|Win32
		{C4C77088-9772-4F2C-898B-653ACB53B11A}.Debug_DLL|Win32.Build.0 = Debug_DLL|Win32
		{C4C77088-9772-4F2C-898B-653ACB53B11A}.Debug_DLL|x64.ActiveCfg = Debug_DLL|x64
		{C4C77088-9772-4F2C-898B-653ACB53B11A}.Debug_DLL|x64.Build.0 = Debug_DLL|x64
		{C4C77088-9772-4F2C-898B-653ACB53B11A}.Debug_LIB|Win32.ActiveCfg = Debug_LIB|Win32
		{C4C77088-9772-4F2C-898B-653ACB53B11A}.Debug_LIB|Win32.Build.0 = Debug_LIB|Win32
		{C4C77088-9772-4F2C-898B-653ACB53B11A}.Debug_LIB|x64.ActiveCfg = Debug_LIB|x64
		{C4C77088-9772-4F2C-898B-653ACB53B11A}.Debug_LIB|x64.Build.0 = Debug_LIB|x64
		{C4C77088-9772-4F2C-898B-653ACB53B11A}.Release_DLL|Win32.ActiveCfg = Release_DLL|Win32
		{C4C77088-9772-4F2C-898B-653ACB53B11A}.Release_DLL|Win32.Build.0 = Release_DLL|Win32
		{C4C77088-9772-4F2C-898B-653ACB53B11A}.Release_DLL|x64.ActiveCfg = Release_DLL|x64
		{C4C77088-9772-4F2C-898B-653ACB53B11A}.Release_DLL|x64.Build.0 = Release_DLL|x64
		{C4C77088-9772-4F2C-898B-653ACB53B11A}.Release_LIB|Win32.ActiveCfg = Release_LIB|Win32
		{C4C77088-9772-4F2C-898B-653ACB53B11A}.Release_LIB|Win32.Build.0 = Release_LIB|Win32
		{C4C77088-9772-4F2C-898B-653ACB53B11A}.Release_LIB|x64.ActiveCfg = Release_LIB|x64
		{C4C77088-9772-4F2C-898B-653ACB53B11A}.Release_LIB|x64.Build.0 = Release_LIB|x64
		{77CBC12C-AE16-40EF-A286-A61535F45A99}.Debug_DLL|Win32.ActiveCfg = Debug_DLL|Win32
		{77CBC12C-AE16-40EF-A286-A61535F45A99}.Debug_DLL|Win32.Build.0 = Debug_DLL|Win32
		{77CBC12C-AE16-40EF-A286-A61535F45A99}.Debug_DLL|x64.ActiveCfg = Debug_DLL|x64
		{77CBC12C-AE16-40EF-A286-A61535F45A99}.Debug_DLL|x64.Build.0 = Debug_DLL|x64
		{77CBC12C-AE16-40EF-A286-A61535F45A99}.Debug_LIB|Win32.ActiveCfg = Debug_LIB|Win32
		{77CBC12C-AE16-40EF-A286-A61535F45A99}.Debug_LIB|Win32.Build.0 = Debug_LIB|Win32
		{77CBC12C-AE16-40EF-A286-A61535F45A99}.Debug_LIB|x64.ActiveCfg = Debug_LIB|x64
		{77CBC12C-AE16-40EF-A286-A61535F45A99}.Debug_LIB|x64.Build.0 = Debug_LIB|x64
		{77CBC12C-AE16-40EF-A286-A61535F45A99}.Release_DLL|Win32.ActiveCfg = Release_DLL|Win32
		{77CBC12C-AE16-40EF-A286-A61535F45A99}.Release_DLL|Win32.Build.0 = Release_DLL|Win32
		{77CBC12C-AE16-40EF-A286-A61535F45A99}.Release_DLL|x64.ActiveCfg = Release_DLL|x64
		{77CBC12C-AE16-40EF-A286-A61535F45A99}.Release_DLL|x64.Build.0 = Release_DLL|x64
		{77CBC12C-AE16-40EF-A286-A61535F45A99}.Release_LIB|Win32.ActiveCfg = Release_LIB|Win32
		{77CBC12C-AE16-40EF-A286-A61535F45A99}.Release_LIB|Win32.Build.0 = Release_LIB|Win32
		{77CBC12C-AE16-40EF-A286-A61535F45A99}.Release_LIB|x64.ActiveCfg = Release_LIB|x64
		{77CBC12C-AE16-40EF-A286-A61535F45A99}.Release_LIB|x64.Build.0 = Release_LIB|x64
		{98DFF6EA-747C-4964-A11F-7ABB34B314F4}.Debug_DLL|Win32.ActiveCfg = Debug_DLL|Win32
		{98DFF6EA-747C-4964-A11F-7ABB34B314F4}.Debug_DLL|Win32.Build.0 = Debug_DLL|Win32
		{98DFF6EA-747C-4964-A11F-7ABB34B314F4}.Debug_DLL|x64.ActiveCfg = Debug_DLL|x64
		{98DFF6EA-747C-4964-A11F-7ABB34B314F4}.Debug_DLL|x64.Build.0 = Debug_DLL|x64
		{98DFF6EA-747C-4964-A11F-7ABB34B314F4}.Debug_LIB|Win32.ActiveCfg = Debug_LIB|Win32
		{98DFF6EA-747C-4964-A11F-7ABB34B314F4}.Debug_LIB|Win32.Build.0 = Debug_LIB|Win32
		{98DFF6EA-747C-4964-A11F-7ABB34B314F4}.Debug_LIB|x64.ActiveCfg = Debug_LIB|x64
		{98DFF6EA-747C-4964-A11F-7ABB34B314F4}.Debug_LIB|x64.Build.0 = Debug_LIB|x64
		{98DFF6EA-747C-4964-A11F-7ABB34B314F4}.Release_DLL|Win32.ActiveCfg = Release_DLL|Win32
		{98DFF6EA-747C-4964-A11F-7ABB34B314F4}.Release_DLL|Win32.Build.0 = Release_DLL|Win32
		{98DFF6EA-747C-4964-A11F-7ABB34B314F4}.Release_DLL|x64.ActiveCfg = Release_DLL|x64
		{98DFF6EA-747C-4964-A11F-7ABB34B314F4}.Release_DLL|x64.Build.0 = Release_DLL|x64
		{98DFF6EA-747C-4964-A11F-7ABB34B314F4}.Release_LIB|Win32.ActiveCfg = Release_LIB|Win32
		{98DFF6EA-747C-4964-A11F-7ABB34B314F4}.Release_LIB|Win32.Build.0 = Release_LIB|Win32
		{98DFF6EA-747C-4964-A11F-7ABB34B314F4}.Release_LIB|x64.ActiveCfg = Release_LIB|x64
		{98DFF6EA-747C-4964-A11F-7ABB34B314F4}.Release_LIB|x64.Build.0 = Release_LIB|x64
		{A1C1777E-50D2-47DC-91BB-3B328362214A}.Debug_DLL|Win32.ActiveCfg = Debug_DLL|Win32
		{A1C1777E-50D2-47DC-91BB-3B328362214A}.Debug_DLL|Win32.Build.0 = Debug_DLL|Win32
		{A1C1777E-50D2-47DC-91BB-3B328362214A}.Debug_DLL|x64.ActiveCfg = Debug_DLL|x64
		{A1C1777E-50D2-47DC-91BB-3B328362214A}.Debug_DLL|x64.Build.0 = Debug_DLL|x64
		{A1C1777E-50D2-47DC-91BB-3B328362214A}.Debug_LIB|Win32.ActiveCfg = Debug_LIB|Win32
		{A1C1777E-50D2-47DC-91BB-3B328362214A}.Debug_LIB|Win32.Build.0 = Debug_LIB|Win32
		{A1C1777E-50D2-47DC-91BB-3B328362214A}.Debug_LIB|x64.ActiveCfg = Debug_LIB|x64
		{A1C1777E-50D2-47DC-91BB-3B328362214A}.Debug_LIB|x64.Build.0 = Debug_LIB|x64
		{A1C1777E-50D2-47DC-91BB-3B328362214A}.Release_DLL|Win32.ActiveCfg = Release_DLL|Win32
		{A1C1777E-50D2-47DC-91BB-3B328362214A}.Release_DLL|Win32.Build.0 = Release_DLL|Win32
		{A1C1777E-50D2-47DC-91BB-3B328362214A}.Release_DLL|x64.ActiveCfg = Release_DLL|x64
		{A1C1777E-50D2-47DC-91BB-3B328362214A}.Release_DLL|x64.Build.0 = Release_DLL|x64
		{A1C1777E-50D2-47DC-91BB-3B328362214A}.Release_LIB|Win32.ActiveCfg = Release_LIB|Win32
		{A1C1777E-50D2-47DC-91BB-3B328362214A}.Release_LIB|Win32.Build.0 = Release_LIB|Win32
		{A1C1777E-50D2-47DC-91BB-3B328362214A}.Release_LIB|x64.ActiveCfg = Release_LIB|x64
		{A1C1777E-50D2-47DC-91BB-3B328362214A}.Release_LIB|x64.Build.0 = Release_LIB|x64
		{C9C70B97-BFAF-412C-887A-5B1E19181433}.Debug_DLL|Win32.ActiveCfg = Debug_DLL|Win32
		{C9C70B97-BFAF-412C-887A-5B1E19181433}.Debug_DLL|Win32.Build.0 = Debug_DLL|Win32
		{C9C70B97-BFAF-412C-887A-5B1E19181433}.Debug_DLL|x64.ActiveCfg = Debug_DLL|x64
		{C9C70B97-BFAF-412C-887A-5B1E19181433}.Debug_DLL|x64.Build.0 = Debug_DLL|x64
		{C9C70B97-BFAF-412C-887A-5B1E19181433}.Debug_LIB|Win32.ActiveCfg = Debug_LIB|Win32
		{C9C70B97-BFAF-412C-887A-5B1E19181433}.Debug_LIB|Win32.Build.0 = Debug_LIB|Win32
		{C9C70B97-BFAF-412C-887A-5B1E19181433}.Debug_LIB|x64.ActiveCfg = Debug_LIB|x64
		{C9C70B97-BFAF-412C-887A-5B1E19181433}.Debug_LIB|x64.Build.0 = Debug_LIB|x64
		{C9C70B97-BFAF-412C-887A-5B1E19181433}.Release_DLL|Win32.ActiveCfg = Release_DLL|Win32
		{C9C70B97-BFAF-412C-887A-5B1E19181433}.Release_DLL|Win32.Build.0 = Release_DLL|Win32
		{C9C70B97-BFAF-412C-887A-5B1E19181433}.Release_DLL|x64.ActiveCfg = Release_DLL|x64
		{C9C70B97-BFAF-412C-887A-5B1E19181433}.Release_DLL|x64.Build.0 = Release_DLL|x64
		{C9C70B97-BFAF-412C-887A-5B1E19181433}.Release_LIB|Win32.ActiveCfg = Release_LIB|Win32
		{C9C70B97-BFAF-412C-887A-5B1E19181433}.Release_LIB|Win32.Build.0 = Release_LIB|Win32
		{C9C70B97-BFAF-412C-887A-5B1E19181433}.Release_LIB|x64.ActiveCfg = Release_LIB|x64
		{C9C70B97-BFAF-412C-887A-5B1E19181433}.Release_LIB|x64.Build.0 = Release_LIB|x64
		{39A57A7C-0399-40D5-BF95-2940FC941E4D}.Debug_DLL|Win32.ActiveCfg = Debug_DLL|Win32
		{39A57A7C-0399-40D5-BF95-2940FC941E4D}.Debug_DLL|Win32.Build.0 = Debug_DLL|Win32
		{39A57A7C-0399-40D5-BF95-2940FC941E4D}.Debug_DLL|x64.ActiveCfg = Debug_DLL|x64
		{39A57A7C-0399-40D5-BF95-2940FC941E4D}.Debug_DLL|x64.Build.0 = Debug_DLL|x64
		{39A57A7C-0399-40D5-BF95-2940FC941E4D}.Debug_LIB|Win32.ActiveCfg = Debug_LIB|Win32
		{39A57A7C-0399-40D5-BF95-2940FC941E4D}.Debug_LIB|Win32.Build.0 = Debug_LIB|Win32
		{39A57A7C-0399-40D5-BF95-2940FC941E4D}.Debug_LIB|x64.ActiveCfg = Debug_LIB|x64
		{39A57A7C-0399-40D5-BF95-2940FC941E4D}.Debug_LIB|x64.Build.0 = Debug_LIB|x64
		{39A57A7C-0399-40D5-BF95-2940FC941E4D}.Release_DLL|Win32.ActiveCfg = Release_DLL|Win32
		{39A57A7C-0399-40D5-BF95-2940FC941E4D}.Release_DLL|Win32.Build.0 = Release_DLL|Win32
		{39A57A7C-0399-40D5-BF95-2940FC941E4D}.Release_DLL|x64.ActiveCfg = Release_DLL|x64
		{39A57A7C-0399-40D5-BF95-2940FC941E4D}.Release_DLL|x64.Build.0 = Release_DLL|x64
		{39A57A7C-0399-40D5-BF95-2940FC941E4D}.Release_LIB|Win32.ActiveCfg = Release_LIB|Win32
		{39A57A7C-0399-40D5-BF95-2940FC941E4D}.Release_LIB|Win32.Build.0 = Release_LIB|Win32
		{39A57A7C-0399-40D5-BF95-2940FC941E4D}.Release_LIB|x64.ActiveCfg = Release_LIB|x64
		{39A57A7C-0399-40D5-BF95-2940FC941E4D}.Release_LIB|x64.Build.0 = Release_LIB|x64
		{575A12DD-9181-465B-B0E1-C3BF5B3D9171}.Debug_DLL|Win32.ActiveCfg = Debug_DLL|Win32
		{575A12DD-9181-465B-B0E1-C3BF5B3D9171}.Debug_DLL|Win32.Build.0 = Debug_DLL|Win32
		{575A12DD-9181-465B-B0E1-C3BF5B3D9171}.Debug_DLL|x64.ActiveCfg = Debug_DLL|x64
		{575A12DD-9181-465B-B0E1-C3BF5B3D9171}.Debug_DLL|x64.Build.0 = Debug_DLL|x64
		{575A12DD-9181-465B-B0E1-C3BF5B3D9171}.Debug_LIB|Win32.ActiveCfg = Debug_LIB|Win32
		{575A12DD-9181-465B-B0E1-C3BF5B3D9171}.Debug_LIB|Win32.Build.0 = Debug_LIB|Win32
		{575A12DD-9181-465B-B0E1-C3BF5B3D9171}.Debug_LIB|x64.ActiveCfg = Debug_LIB|x64
		{575A12DD-9181-465B-B0E1-C3BF5B3D9171}.Debug_LIB|x64.Build.0 = Debug_LIB|x64
		{575A12DD-9181-465B-B0E1-C3BF5B3D9171}.Release_DLL|Win32.ActiveCfg = Release_DLL|Win32
		{575A12DD-9181-465B-B0E1-C3BF5B3D9171}.Release_DLL|Win32.Build.0 = Release_DLL|Win32
		{575A12DD-9181-465B-B0E1-C3BF5B3D9171}.Release_DLL|x64.ActiveCfg = Release_DLL|x64
		{575A12DD-9181-465B-B0E1-C3BF5B3D9171}.Release_DLL|x64.Build.0 = Release_DLL|x64
		{575A12DD-9181-465B-B0E1-C3BF5B3D9171}.Release_LIB|Win32.ActiveCfg = Release_LIB|Win32
		{575A12DD-9181-465B-B0E1-C3BF5B3D9171}.Release_LIB|Win32.Build.0 = Release_LIB|Win32
		{575A12DD-9181-465B-B0E1-C3BF5B3D9171}.Release_LIB|x64.ActiveCfg = Release_LIB|x64
		{575A12DD-9181-465B-B0E1-C3BF5B3D9171}.Release_LIB|x64.Build.0 = Release_LIB|x64
		{98D6B430-C1E3-47D6-AECB-846A7EE2D938}.Debug_DLL|Win32.ActiveCfg = Debug_DLL|Win32
		{98D6B430-C1E3-47D6-AECB-846A7EE2D938}.Debug_DLL|Win32.Build.0 = Debug_DLL|Win32
		{98D6B430-C1E3-47D6-AECB-846A7EE2D938}.Debug_DLL|x64.ActiveCfg = Debug_DLL|x64
		{98D6B430-C1E3-47D6-AECB-846A7EE2D938}.Debug_DLL|x64.Build.0 = Debug_DLL|x64
		{98D6B430-C1E3-47D6-AECB-846A7EE2D938}.Debug_LIB|Win32.ActiveCfg = Debug_LIB|Win32
		{98D6B430-C1E3-47D6-AECB-846A7EE2D938}.Debug_LIB|Win32.Build.0 = Debug_LIB|Win32
		{98D6B430-C1E3-47D6-AECB-846A7EE2D938}.Debug_LIB|x64.ActiveCfg = Debug_LIB|x64
		{98D6B430-C1E3-47D6-AECB-846A7EE2D938}.Debug_LIB|x64.Build.0 = Debug_LIB|x64
		{98D6B430-C1E3-47D6-AECB-846A7EE2D938}.Release_DLL|Win32.ActiveCfg = Release_DLL|Win32
		{98D6B430-C1E3-47D6-AECB-846A7EE2D938}.Release_DLL|Win32.Build.0 = Release_DLL|Win32
		{98D6B430-C1E3-47D6-AECB-846A7EE2D938}.Release_DLL|x64.ActiveCfg = Release_DLL|x64
		{98D6B430-C1E3-47D6-AECB-846A7EE2D938}.Release_DLL|x64.Build.0 = Release_DLL|x64
		{98D6B430-C1E3-47D6-AECB-846A7EE2D938}.Release_LIB|Win32.ActiveCfg = Release_LIB|Win32
		{98D6B430-C1E3-47D6-AECB-846A7EE2D938}.Release_LIB|Win32.Build.0 = Release_LIB|Win32
		{98D6B430-C1E3-47D6-AECB-846A7EE2D938}.Release_LIB|x64.ActiveCfg = Release_LIB|x64
		{98D6B430-C1E3-47D6-AECB-846A7EE2D938}.Release_LIB|x64.Build.0 = Release_LIB|x64
		{704A182E-FAEA-4E59-B5F4-9DC799F4556A}.Debug_DLL|Win32.ActiveCfg = Debug_DLL|Win32
		{704A182E-FAEA-4E59-B5F4-9DC799F4556A}.Debug_DLL|Win32.Build.0 = Debug_DLL|Win32
		{704A182E-FAEA-4E59-B5F4-9DC799F4556A}.Debug_DLL|x64.ActiveCfg = Debug_DLL|x64
		{704A182E-FAEA-4E59-B5F4-9DC799F4556A}.Debug_DLL|x64.Build.0 = Debug_DLL|x64
		{704A182E-FAEA-4E59-B5F4-9DC799F4556A}.Debug_LIB|Win32.ActiveCfg = Debug_LIB|Win32
		{704A182E-FAEA-4E59-B5F4-9DC799F4556A}.Debug_LIB|Win32.Build.0 = Debug_LIB|Win32
		{704A182E-FAEA-4E59-B5F4-9DC799F4556A}.Debug_LIB|x64.ActiveCfg = Debug_LIB|x64
		{704A182E-FAEA-4E59-B5F4-9DC799F4556A}.Debug_LIB|x64.Build.0 = Debug_LIB|x64
		{704A182E-FAEA-4E59-B5F4-9DC799F4556A}.Release_DLL|Win32.ActiveCfg = Release_DLL|Win32
		{704A182E-FAEA-4E59-B5F4-9DC799F4556A}.Release_DLL|Win32.Build.0 = Release_DLL|Win32
		{704A182E-FAEA-4E59-B5F4-9DC799F4556A}.Release_DLL|x64.ActiveCfg = Release_DLL|x64
		{704A182E-FAEA-4E59-B5F4-9DC799F4556A}.Release_DLL|x64.Build.0 = Release_DLL|x64
		{704A182E-FAEA-4E59-B5F4-9DC799F4556A}.Release_LIB|Win32.ActiveCfg = Release_LIB|Win32
		{704A182E-FAEA-4E59-B5F4-9DC799F4556A}.Release_LIB|Win32.Build.0 = Release_LIB|Win32
		{704A182E-FAEA-4E59-B5F4-9DC799F4556A}.Release_LIB|x64.ActiveCfg = Release_LIB|x64
		{704A182E-FAEA-4E59-B5F4-9DC799F4556A}.Release_LIB|x64.Build.0 = Release_LIB|x64
		{BC5F994E-1BFE-4C94-BF8D-86077EF84ED7}.Debug_DLL|Win32.ActiveCfg = Debug_DLL|Win32
		{BC5F994E-1BFE-4C94-BF8D-86077EF84ED7}.Debug_DLL|Win32.Build.0 = Debug_DLL|Win32
		{BC5F994E-1BFE-4C94-BF8D-86077EF84ED7}.Debug_DLL|x64.ActiveCfg = Debug_DLL|x64
		{BC5F994E-1BFE-4C94-BF8D-86077EF84ED7}.Debug_DLL|x64.Build.0 = Debug_DLL|x64
		{BC5F994E-1BFE-4C94-BF8D-86077EF84ED7}.Debug_LIB|Win32.ActiveCfg = Debug_LIB|Win32
		{BC5F994E-1BFE-4C94-BF8D-86077EF84ED7}.Debug_LIB|Win32.Build.0 = Debug_LIB|Win32
		{BC5F994E-1BFE-4C94-BF8D-86077EF84ED7}.Debug_LIB|x64.ActiveCfg = Debug_LIB|x64
		{BC5F994E-1BFE-4C94-BF8D-86077EF84ED7}.Debug_LIB|x64.Build.0 = Debug_LIB|x64
		{BC5F994E-1BFE-4C94-BF8D-86077EF84ED7}.Release_DLL|Win32.ActiveCfg = Release_DLL|Win32
		{BC5F994E-1BFE-4C94-BF8D-86077EF84ED7}.Release_DLL|Win32.Build.0 = Release_DLL|Win32
		{BC5F994E-1BFE-4C94-BF8D-86077EF84ED7}.Release_DLL|x64.ActiveCfg = Release_DLL|x64
		{BC5F994E-1BFE-4C94-BF8D-86077EF84ED7}.Release_DLL|x64.Build.0 = Release_DLL|x64
		{BC5F994E-1BFE-4C94-BF8D-86077EF84ED7}.Release_LIB|Win32.ActiveCfg = Release_LIB|Win32
		{BC5F994E-1BFE-4C94-BF8D-86077EF84ED7}.Release_LIB|Win32.Build.0 = Release_LIB|Win32
		{BC5F994E-1BFE-4C94-BF8D-86077EF84ED7}.Release_LIB|x64.ActiveCfg = Release_LIB|x64
		{BC5F994E-1BFE-4C94-BF8D-86077EF84ED7}.Release_LIB|x64.Build.0 = Release_LIB|x64
		{EC5C161C-4177-49BD-BD1F-2BA6A05F03D4}.Debug_DLL|Win32.ActiveCfg = Debug_DLL|Win32
		{EC5C161C-4177-49BD-BD1F-2BA6A05F03D4}.Debug_DLL|Win32.Build.0 = Debug_DLL|Win32
		{EC5C161C-4177-49BD-BD1F-2BA6A05F03D4}.Debug_DLL|x64.ActiveCfg = Debug_DLL|x64
		{EC5C161C-4177-49BD-BD1F-2BA6A05F03D4}.Debug_DLL|x64.Build.0 = Debug_DLL|x64
		{EC5C161C-4177-49BD-BD1F-2BA6A05F03D4}.Debug_LIB|Win32.ActiveCfg = Debug_LIB|Win32
		{EC5C161C-4177-49BD-BD1F-2BA6A05F03D4}.Debug_LIB|Win32.Build.0 = Debug_LIB|Win32
		{EC5C161C-4177-49BD-BD1F-2BA6A05F03D4}.Debug_LIB|x64.ActiveCfg = Debug_LIB|x64
		{EC5C161C-4177-49BD-BD1F-2BA6A05F03D4}.Debug_LIB|x64.Build.0 = Debug_LIB|x64
		{EC5C161C-4177-49BD-BD1F-2BA6A05F03D4}.Release_DLL|Win32.ActiveCfg = Release_DLL|Win32
		{EC5C161C-4177-49BD-BD1F-2BA6A05F03D4}.Release_DLL|Win32.Build.0 = Release_DLL|Win32
		{EC5C161C-4177-49BD-BD1F-2BA6A05F03D4}.Release_DLL|x64.ActiveCfg = Release_DLL|x64
		{EC5C161C-4177-49BD-BD1F-2BA6A05F03D4}.Release_DLL|x64.Build.0 = Release_DLL|x64
		{EC5C161C-4177-49BD-BD1F-2BA6A05F03D4}.Release_LIB|Win32.ActiveCfg = Release_LIB|Win32
		{EC5C161C-4177-49BD-BD1F-2BA6A05F03D4}.Release_LIB|Win32.Build.0 = Release_LIB|Win32
		{EC5C161C-4177-49BD-BD1F-2BA6A05F03D4}.Release_LIB|x64.ActiveCfg = Release_LIB|x64
		{EC5C161C-4177-49BD-BD1F-2BA6A05F03D4}.Release_LIB|x64.Build.0 = Release_LIB|x64
		{E9D99FC7-E592-472B-B2E2-C3B0D81D8169}.Debug_DLL|Win32.ActiveCfg = Debug_DLL|Win32
		{E9D99FC7-E592-472B-B2E2-C3B0D81D8169}.Debug_DLL|Win32.Build.0 = Debug_DLL|Win32
		{E9D99FC7-E592-472B-B2E2-C3B0D81D8169}.Debug_DLL|x64.ActiveCfg = Debug_DLL|x64
		{E9D99FC7-E592-472B-B2E2-C3B0D81D8169}.Debug_DLL|x64.Build.0 = Debug_DLL|x64
		{E9D99FC7-E592-472B-B2E2-C3B0D81D8169}.Debug_LIB|Win32.ActiveCfg = Debug_LIB|Win32
		{E9D99FC7-E592-472B-B2E2-C3B0D81D8169}.Debug_LIB|Win32.Build.0 = Debug_LIB|Win32
		{E9D99FC7-E592-472B-B2E2-C3B0D81D8169}.Debug_LIB|x64.ActiveCfg = Debug_LIB|x64
		{E9D99FC7-E592-472B-B2E2-C3B0D81D8169}.Debug_LIB|x64.Build.0 = Debug_LIB|x64
		{E9D99FC7-E592-472B-B2E2-C3B0D81D8169}.Release_DLL|Win32.ActiveCfg = Release_DLL|Win32
		{E9D99FC7-E592-472B-B2E2-C3B0D81D8169}.Release_DLL|Win32.Build.0 = Release_DLL|Win32
		{E9D99FC7-E592-472B-B2E2-C3B0D81D8169}.Release_DLL|x64.ActiveCfg = Release_DLL|x64
		{E9D99FC7-E592-472B-B2E2-C3B0D81D8169}.Release_DLL|x64.Build.0 = Release_DLL|x64
		{E9D99FC7-E592-472B-B2E2-C3B0D81D8169}.Release_LIB|Win32.ActiveCfg = Release_LIB|Win32
		{E9D99FC7-E592-472B-B2E2-C3B0D81D8169}.Release_LIB|Win32.Build.0 = Release_LIB|Win32
		{E9D99FC7-E592-472B-B2E2-C3B0D81D8169}.Release_LIB|x64.ActiveCfg = Release_LIB|x64
		{E9D99FC7-E592-472B-B2E2-C3B0D81D8169}.Release_LIB|x64.Build.0 = Release_LIB|x64
		{421A512B-4C74-4461-9956-DC5864275D18}.Debug_DLL|Win32.ActiveCfg = Debug_DLL|Win32
		{421A512B-4C74-4461-9956-DC5864275D18}.Debug_DLL|Win32.Build.0 = Debug_DLL|Win32
		{421A512B-4C74-4461-9956-DC5864275D18}.Debug_DLL|x64.ActiveCfg = Debug_DLL|x64
		{421A512B-4C74-4461-9956-DC5864275D18}.Debug_DLL|x64.Build.0 = Debug_DLL|x64
		{421A512B-4C74-4461-9956-DC5864275D18}.Debug_LIB|Win32.ActiveCfg = Debug_LIB|Win32
		{421A512B-4C74-4461-9956-DC5864275D18}.Debug_LIB|Win32.Build.0 = Debug_LIB|Win32
		{421A512B-4C74-4461-9956-DC5864275D18}.Debug_LIB|x64.ActiveCfg = Debug_LIB|x64
		{421A512B-4C74-4461-9956-DC5864275D18}.Debug_LIB|x64.Build.0 = Debug_LIB|x64
		{421A512B-4C74-4461-9956-DC5864275D18}.Release_DLL|Win32.ActiveCfg = Release_DLL|Win32
		{421A512B-4C74-4461-9956-DC5864275D18}.Release_DLL|Win32.Build.0 = Release_DLL|Win32
		{421A512B-4C74-4461-9956-DC5864275D18}.Release_DLL|x64.ActiveCfg = Release_DLL|x64
		{421A512B-4C74-4461-9956-DC5864275D18}.Release_DLL|x64.Build.0 = Release_DLL|x64
		{421A512B-4C74-4461-9956-DC5864275D18}.Release_LIB|Win32.ActiveCfg = Release_LIB|Win32
		{421A512B-4C74-4461-9956-DC5864275D18}.Release_LIB|Win32.Build.0 = Release_LIB|Win32
		{421A512B-4C74-4461-9956-DC5864275D18}.Release_LIB|x64.ActiveCfg = Release_LIB|x64
		{421A512B-4C74-4461-9956-DC5864275D18}.Release_LIB|x64.Build.0 = Release_LIB|x64
		{D1D6ACB6-F631-41DC-810D-6EE1326AB388}.Debug_DLL|Win32.ActiveCfg = Debug_DLL|Win32
		{D1D6ACB6-F631-41DC-810D-6EE1326AB388}.Debug_DLL|Win32.Build.0 = Debug_DLL|Win32
		{D1D6ACB6-F631-41DC-810D-6EE1326AB388}.Debug_DLL|x64.ActiveCfg = Debug_DLL|x64
		{D1D6ACB6-F631-41DC-810D-6EE1326AB388}.Debug_DLL|x64.Build.0 = Debug_DLL|x64
		{D1D6ACB6-F631-41DC-810D-6EE1326AB388}.Debug_LIB|Win32.ActiveCfg = Debug_LIB|Win32
		{D1D6ACB6-F631-41DC-810D-6EE1326AB388}.Debug_LIB|Win32.Build.0 = Debug_LIB|Win32
		{D1D6ACB6-F631-41DC-810D-6EE1326AB388}.Debug_LIB|x64.ActiveCfg = Debug_LIB|x64
		{D1D6ACB6-F631-41DC-810D-6EE1326AB388}.Debug_LIB|x64.Build.0 = Debug_LIB|x64
		{D1D6ACB6-F631-41DC-810D-6EE1326AB388}.Release_DLL|Win32.ActiveCfg = Release_DLL|Win32
		{D1D6ACB6-F631-41DC-810D-6EE1326AB388}.Release_DLL|Win32.Build.0 = Release_DLL|Win32
		{D1D6ACB6-F631-41DC-810D-6EE1326AB388}.Release_DLL|x64.ActiveCfg = Release_DLL|x64
		{D1D6ACB6-F631-41DC-810D-6EE1326AB388}.Release_DLL|x64.Build.0 = Release_DLL|x64
		{D1D6ACB6-F631-41DC-810D-6EE1326AB388}.Release_LIB|Win32.ActiveCfg = Release_LIB|Win32
		{D1D6ACB6-F631-41DC-810D-6EE1326AB388}.Release_LIB|Win32.Build.0 = Release_LIB|Win32
		{D1D6ACB6-F631-41DC-810D-6EE1326AB388}.Release_LIB|x64.ActiveCfg = Release_LIB|x64
		{D1D6ACB6-F631-41DC-810D-6EE1326AB388}.Release_LIB|x64.Build.0 = Release_LIB|x64
		{EE16ABBD-8C46-4901-9623-77B571FA180D}.Debug_DLL|Win32.ActiveCfg = Debug_DLL|Win32
		{EE16ABBD-8C46-4901-9623-77B571FA180D}.Debug_DLL|Win32.Build.0 = Debug_DLL|Win32
		{EE16ABBD-8C46-4901-9623-77B571FA180D}.Debug_DLL|x64.ActiveCfg = Debug_DLL|x64
		{EE16ABBD-8C46-4901-9623-77B571FA180D}.Debug_DLL|x64.Build.0 = Debug_DLL|x64
		{EE16ABBD-8C46-4901-9623-77B571FA180D}.Debug_LIB|Win32.ActiveCfg = Debug_LIB|Win32
		{EE16ABBD-8C46-4901-9623-77B571FA180D}.Debug_LIB|Win32.Build.0 = Debug_LIB|Win32
		{EE16ABBD-8C46-4901-9623-77B571FA180D}.Debug_LIB|x64.ActiveCfg = Debug_LIB|x64
		{EE16ABBD-8C46-4901-9623-77B571FA180D}.Debug_LIB|x64.Build.0 = Debug_LIB|x64
		{EE16ABBD-8C46-4901-9623-77B571FA180D}.Release_DLL|Win32.ActiveCfg = Release_DLL|Win32
		{EE16ABBD-8C46-4901-9623-77B571FA180D}.Release_DLL|Win32.Build.0 = Release_DLL|Win32
		{EE16ABBD-8C46-4901-9623-77B571FA180D}.Release_DLL|x64.ActiveCfg = Release_DLL|x64
		{EE16ABBD-8C46-4901-9623-77B571FA180D}.Release_DLL|x64.Build.0 = Release_DLL|x64
		{EE16ABBD-8C46-4901-9623-77B571FA180D}.Release_LIB|Win32.ActiveCfg = Release_LIB|Win32
		{EE16ABBD-8C46-4901-9623-77B571FA180D}.Release_LIB|Win32.Build.0 = Release_LIB|Win32
		{EE16ABBD-8C46-4901-9623-77B571FA180D}.Release_LIB|x64.ActiveCfg = Release_LIB|x64
		{EE16ABBD-8C46-4901-9623-77B571FA180D}.Release_LIB|x64.Build.0 = Release_LIB|x64
		{589AB311-372D-4FA2-A3E3-00D530D8C0A8}.Debug_DLL|Win32.ActiveCfg = Debug_DLL|Win32
		{589AB311-372D-4FA2-A3E3-00D530D8C0A8}.Debug_DLL|Win32.Build.0 = Debug_DLL|Win32
		{589AB311-372D-4FA2-A3E3-00D530D8C0A8}.Debug_DLL|x64.ActiveCfg = Debug_DLL|x64
		{589AB311-372D-4FA2-A3E3-00D530D8C0A8}.Debug_DLL|x64.Build.0 = Debug_DLL|x64
		{589AB311-372D-4FA2-A3E3-00D530D8C0A8}.Debug_LIB|Win32.ActiveCfg = Debug_LIB|Win32
		{589AB311-372D-4FA2-A3E3-00D530D8C0A8}.Debug_LIB|Win32.Build.0 = Debug_LIB|Win32
		{589AB311-372D-4FA2-A3E3-00D530D8C0A8}.Debug_LIB|x64.ActiveCfg = Debug_LIB|x64
		{589AB311-372D-4FA2-A3E3-00D530D8C0A8}.Debug_LIB|x64.Build.0 = Debug_LIB|x64
		{589AB311-372D-4FA2-A3E3-00D530D8C0A8}.Release_DLL|Win32.ActiveCfg = Release_DLL|Win32
		{589AB311-372D-4FA2-A3E3-00D530D8C0A8}.Release_DLL|Win32.Build.0 = Release_DLL|Win32
		{589AB311-372D-4FA2-A3E3-00D530D8C0A8}.Release_DLL|x64.ActiveCfg = Release_DLL|x64
		{589AB311-372D-4FA2-A3E3-00D530D8C0A8}.Release_DLL|x64.Build.0 = Release_DLL|x64
		{589AB311-372D-4FA2-A3E3-00D530D8C0A8}.Release_LIB|Win32.ActiveCfg = Release_LIB|Win32
		{589AB311-372D-4FA2-A3E3-00D530D8C0A8}.Release_LIB|Win32.Build.0 = Release_LIB|Win32
		{589AB311-372D-4FA2-A3E3-00D530D8C0A8}.Release_LIB|x64.ActiveCfg = Release_LIB|x64
		{589AB311-372D-4FA2-A3E3-00D530D8C0A8}.Release_LIB|x64.Build.0 = Release_LIB|x64
		{44ECEA7E-D805-49B6-8E89-62EC3994C1F3}.Debug_DLL|Win32.ActiveCfg = Debug_DLL|Win32
		{44ECEA7E-D805-49B6-8E89-62EC3994C1F3}.Debug_DLL|Win32.Build.0 = Debug_DLL|Win32
		{44ECEA7E-D805-49B6-8E89-62EC3994C1F3}.Debug_DLL|x64.ActiveCfg = Debug_DLL|x64
		{44ECEA7E-D805-49B6-8E89-62EC3994C1F3}.Debug_DLL|x64.Build.0 = Debug_DLL|x64
		{44ECEA7E-D805-49B6-8E89-62EC3994C1F3}.Debug_LIB|Win32.ActiveCfg = Debug_LIB|Win32
		{44ECEA7E-D805-49B6-8E89-62EC3994C1F3}.Debug_LIB|Win32.Build.0 = Debug_LIB|Win32
		{44ECEA7E-D805-49B6-8E89-62EC3994C1F3}.Debug_LIB|x64.ActiveCfg = Debug_LIB|x64
		{44ECEA7E-D805-49B6-8E89-62EC3994C1F3}.Debug_LIB|x64.Build.0 = Debug_LIB|x64
		{44ECEA7E-D805-49B6-8E89-62EC3994C1F3}.Release_DLL|Win32.ActiveCfg = Release_DLL|Win32
		{44ECEA7E-D805-49B6-8E89-62EC3994C1F3}.Release_DLL|Win32.Build.0 = Release_DLL|Win32
		{44ECEA7E-D805-49B6-8E89-62EC3994C1F3}.Release_DLL|x64.ActiveCfg = Release_DLL|x64
		{44ECEA7E-D805-49B6-8E89-62EC3994C1F3}.Release_DLL|x64.Build.0 = Release_DLL|x64
		{44ECEA7E-D805-49B6-8E89-62EC3994C1F3}.Release_LIB|Win32.ActiveCfg = Release_LIB|Win32
		{44ECEA7E-D805-49B6-8E89-62EC3994C1F3}.Release_LIB|Win32.Build.0 = Release_LIB|Win32
		{44ECEA7E-D805-49B6-8E89-62EC3994C1F3}.Release_LIB|x64.ActiveCfg = Release_LIB|x64
		{44ECEA7E-D805-49B6-8E89-62EC3994C1F3}.Release_LIB|x64.Build.0 = Release_LIB|x64
		{F4A51415-2981-42EE-87C7-F29D5805583E}.Debug_DLL|Win32.ActiveCfg = Debug_DLL|Win32
		{F4A51415-2981-42EE-87C7-F29D5805583E}.Debug_DLL|Win32.Build.0 = Debug_DLL|Win32
		{F4A51415-2981-42EE-87C7-F29D5805583E}.Debug_DLL|x64.ActiveCfg = Debug_DLL|x64
		{F4A51415-2981-42EE-87C7-F29D5805583E}.Debug_DLL|x64.Build.0 = Debug_DLL|x64
		{F4A51415-2981-42EE-87C7-F29D5805583E}.Debug_LIB|Win32.ActiveCfg = Debug_LIB|Win32
		{F4A51415-2981-42EE-87C7-F29D5805583E}.Debug_LIB|Win32.Build.0 = Debug_LIB|Win32
		{F4A51415-2981-42EE-87C7-F29D5805583E}.Debug_LIB|x64.ActiveCfg = Debug_LIB|x64
		{F4A51415-2981-42EE-87C7-F29D5805583E}.Debug_LIB|x64.Build.0 = Debug_LIB|x64
		{F4A51415-2981-42EE-87C7-F29D5805583E}.Release_DLL|Win32.ActiveCfg = Release_DLL|Win32
		{F4A51415-2981-42EE-87C7-F29D5805583E}.Release_DLL|Win32.Build.0 = Release_DLL|Win32
		{F4A51415-2981-42EE-87C7-F29D5805583E}.Release_DLL|x64.ActiveCfg = Release_DLL|x64
		{F4A51415-2981-42EE-87C7-F29D5805583E}.Release_DLL|x64.Build.0 = Release_DLL|x64
		{F4A51415-2981-42EE-87C7-F29D5805583E}.Release_LIB|Win32.ActiveCfg = Release_LIB|Win32
		{F4A51415-2981-42EE-87C7-F29D5805583E}.Release_LIB|Win32.Build.0 = Release_LIB|Win32
		{F4A51415-2981-42EE-87C7-F29D5805583E}.Release_LIB|x64.ActiveCfg = Release_LIB|x64
		{F4A51415-2981-42EE-87C7-F29D5805583E}.Release_LIB|x64.Build.0 = Release_LIB|x64
		{664DC48A-2783-48F6-BCFB-DA5FA36886F6}.Debug_DLL|Win32.ActiveCfg = Debug_DLL|Win32
		{664DC48A-2783-48F6-BCFB-DA5FA36886F6}.Debug_DLL|Win32.Build.0 = Debug_DLL|Win32
		{664DC48A-2783-48F6-BCFB-DA5FA36886F6}.Debug_DLL|x64.ActiveCfg = Debug_DLL|x64
		{664DC48A-2783-48F6-BCFB-DA5FA36886F6}.Debug_DLL|x64.Build.0 = Debug_DLL|x64
		{664DC48A-2783-48F6-BCFB-DA5FA36886F6}.Debug_LIB|Win32.ActiveCfg = Debug_LIB|Win32
		{664DC48A-2783-48F6-BCFB-DA5FA36886F6}.Debug_LIB|Win32.Build.0 = Debug_LIB|Win32
		{664DC48A-2783-48F6-BCFB-DA5FA36886F6}.Debug_LIB|x64.ActiveCfg = Debug_LIB|x64
		{664DC48A-2783-48F6-BCFB-DA5FA36886F6}.Debug_LIB|x64.Build.0 = Debug_LIB|x64
		{664DC48A-2783-48F6-BCFB-DA5FA36886F6}.Release_DLL|Win32.ActiveCfg = Release_DLL|Win32
		{664DC48A-2783-48F6-BCFB-DA5FA36886F6}.Release_DLL|Win32.Build.0 = Release_DLL|Win32
		{664DC48A-2783-48F6-BCFB-DA5FA36886F6}.Release_DLL|x64.ActiveCfg = Release_DLL|x64
		{664DC48A-2783-48F6-BCFB-DA5FA36886F6}.Release_DLL|x64.Build.0 = Release_DLL|x64
		{664DC48A-2783-48F6-BCFB-DA5FA36886F6}.Release_LIB|Win32.ActiveCfg = Release_LIB|Win32
		{664DC48A-2783-48F6-BCFB-DA5FA36886F6}.Release_LIB|Win32.Build.0 = Release_LIB|Win32
		{664DC48A-2783-48F6-BCFB-DA5FA36886F6}.Release_LIB|x64.ActiveCfg = Release_LIB|x64
		{664DC48A-2783-48F6-BCFB-DA5FA36886F6}.Release_LIB|x64.Build.0 = Release_LIB|x64
		{91739F78-0AEF-404C-B173-317A11441B22}.Debug_DLL|Win32.ActiveCfg = Debug_DLL|Win32
		{91739F78-0AEF-404C-B173-317A11441B22}.Debug_DLL|Win32.Build.0 = Debug_DLL|Win32
		{91739F78-0AEF-404C-B173-317A11441B22}.Debug_DLL|x64.ActiveCfg = Debug_DLL|x64
		{91739F78-0AEF-404C-B173-317A11441B22}.Debug_DLL|x64.Build.0 = Debug_DLL|x64
		{91739F78-0AEF-404C-B173-317A11441B22}.Debug_LIB|Win32.ActiveCfg = Debug_LIB|Win32
		{91739F78-0AEF-404C-B173-317A11441B22}.Debug_LIB|Win32.Build.0 = Debug_LIB|Win32
		{91739F78-0AEF-404C-B173-317A11441B22}.Debug_LIB|x64.ActiveCfg = Debug_LIB|x64
		{91739F78-0AEF-404C-B173-317A11441B22}.Debug_LIB|x64.Build.0 = Debug_LIB|x64
		{91739F78-0AEF-404C-B173-317A11441B22}.Release_DLL|Win32.ActiveCfg = Release_DLL|Win32
		{91739F78-0AEF-404C-B173-317A11441B22}.Release_DLL|Win32.Build.0 = Release_DLL|Win32
		{91739F78-0AEF-404C-B173-317A11441B22}.Release_DLL|x64.ActiveCfg = Release_DLL|x64
		{91739F78-0AEF-404C-B173-317A11441B22}.Release_DLL|x64.Build.0 = Release_DLL|x64
		{91739F78-0AEF-404C-B173-317A11441B22}.Release_LIB|Win32.ActiveCfg = Release_LIB|Win32
		{91739F78-0AEF-404C-B173-317A11441B22}.Release_LIB|Win32.Build.0 = Release_LIB|Win32
		{91739F78-0AEF-404C-B173-317A11441B22}.Release_LIB|x64.ActiveCfg = Release_LIB|x64
		{91739F78-0AEF-404C-B173-317A11441B22}.Release_LIB|x64.Build.0 = Release_LIB|x64
		{A07A2021-121C-4C5C-8AEF-49E8006FF4B0}.Debug_DLL|Win32.ActiveCfg = Debug_DLL|Win32
		{A07A2021-121C-4C5C-8AEF-49E8006FF4B0}.Debug_DLL|Win32.Build.0 = Debug_DLL|Win32
		{A07A2021-121C-4C5C-8AEF-49E8006FF4B0}.Debug_DLL|x64.ActiveCfg = Debug_DLL|x64
		{A07A2021-121C-4C5C-8AEF-49E8006FF4B0}.Debug_DLL|x64.Build.0 = Debug_DLL|x64
		{A07A2021-121C-4C5C-8AEF-49E8006FF4B0}.Debug_LIB|Win32.ActiveCfg = Debug_LIB|Win32
		{A07A2021-121C-4C5C-8AEF-49E8006FF4B0}.Debug_LIB|Win32.Build.0 = Debug_LIB|Win32
		{A07A2021-121C-4C5C-8AEF-49E8006FF4B0}.Debug_LIB|x64.ActiveCfg = Debug_LIB|x64
		{A07A2021-121C-4C5C-8AEF-49E8006FF4B0}.Debug_LIB|x64.Build.0 = Debug_LIB|x64
		{A07A2021-121C-4C5C-8AEF-49E8006FF4B0}.Release_DLL|Win32.ActiveCfg = Release_DLL|Win32
		{A07A2021-121C-4C5C-8AEF-49E8006FF4B0}.Release_DLL|Win32.Build.0 = Release_DLL|Win32
		{A07A2021-121C-4C5C-8AEF-49E8006FF4B0}.Release_DLL|x64.ActiveCfg = Release_DLL|x64
		{A07A2021-121C-4C5C-8AEF-49E8006FF4B0}.Release_DLL|x64.Build.0 = Release_DLL|x64
		{A07A2021-121C-4C5C-8AEF-49E8006FF4B0}.Release_LIB|Win32.ActiveCfg = Release_LIB|Win32
		{A07A2021-121C-4C5C-8AEF-49E8006FF4B0}.Release_LIB|Win32.Build.0 = Release_LIB|Win32
		{A07A2021-121C-4C5C-8AEF-49E8006FF4B0}.Release_LIB|x64.ActiveCfg = Release_LIB|x64
		{A07A2021-121C-4C5C-8AEF-49E8006FF4B0}.Release_LIB|x64.Build.0 = Release_LIB|x64
		{4BEBB59C-477B-4F7A-8AE8-4228D0861E54}.Debug_DLL|Win32.ActiveCfg = Debug_DLL|Win32
		{4BEBB59C-477B-4F7A-8AE8-4228D0861E54}.Debug_DLL|Win32.Build.0 = Debug_DLL|Win32
		{4BEBB59C-477B-4F7A-8AE8-4228D0861E54}.Debug_DLL|x64.ActiveCfg = Debug_DLL|x64
		{4BEBB59C-477B-4F7A-8AE8-4228D0861E54}.Debug_DLL|x64.Build.0 = Debug_DLL|x64
		{4BEBB59C-477B-4F7A-8AE8-4228D0861E54}.Debug_LIB|Win32.ActiveCfg = Debug_LIB|Win32
		{4BEBB59C-477B-4F7A-8AE8-4228D0861E54}.Debug_LIB|Win32.Build.0 = Debug_LIB|Win32
		{4BEBB59C-477B-4F7A-8AE8-4228D0861E54}.Debug_LIB|x64.ActiveCfg = Debug_LIB|x64
		{4BEBB59C-477B-4F7A-8AE8-4228D0861E54}.Debug_LIB|x64.Build.0 = Debug_LIB|x64
		{4BEBB59C-477B-4F7A-8AE8-4228D0861E54}.Release_DLL|Win32.ActiveCfg = Release_DLL|Win32
		{4BEBB59C-477B-4F7A-8AE8-4228D0861E54}.Release_DLL|Win32.Build.0 = Release_DLL|Win32
		{4BEBB59C-477B-4F7A-8AE8-4228D0861E54}.Release_DLL|x64.ActiveCfg = Release_DLL|x64
		{4BEBB59C-477B-4F7A-8AE8-4228D0861E54}.Release_DLL|x64.Build.0 = Release_DLL|x64
		{4BEBB59C-477B-4F7A-8AE8-4228D0861E54}.Release_LIB|Win32.ActiveCfg = Release_LIB|Win32
		{4BEBB59C-477B-4F7A-8AE8-4228D0861E54}.Release_LIB|Win32.Build.0 = Release_LIB|Win32
		{4BEBB59C-477B-4F7A-8AE8-4228D0861E54}.Release_LIB|x64.ActiveCfg = Release_LIB|x64
		{4BEBB59C-477B-4F7A-8AE8-4228D0861E54}.Release_LIB|x64.Build.0 = Release_LIB|x64
		{E9641737-EE62-4EC8-88C8-792D2E3CE32D}.Debug_DLL|Win32.ActiveCfg = Debug_DLL|Win32
		{E9641737-EE62-4EC8-88C8-792D2E3CE32D}.Debug_DLL|Win32.Build.0 = Debug_DLL|Win32
		{E9641737-EE62-4EC8-88C8-792D2E3CE32D}.Debug_DLL|x64.ActiveCfg = Debug_DLL|x64
		{E9641737-EE62-4EC8-88C8-792D2E3CE32D}.Debug_DLL|x64.Build.0 = Debug_DLL|x64
		{E9641737-EE62-4EC8-88C8-792D2E3CE32D}.Debug_LIB|Win32.ActiveCfg = Debug_LIB|Win32
		{E9641737-EE62-4EC8-88C8-792D2E3CE32D}.Debug_LIB|Win32.Build.0 = Debug_LIB|Win32
		{E9641737-EE62-4EC8-88C8-792D2E3CE32D}.Debug_LIB|x64.ActiveCfg = Debug_LIB|x64
		{E9641737-EE62-4EC8-88C8-792D2E3CE32D}.Debug_LIB|x64.Build.0 = Debug_LIB|x64
		{E9641737-EE62-4EC8-88C8-792D2E3CE32D}.Release_DLL|Win32.ActiveCfg = Release_DLL|Win32
		{E9641737-EE62-4EC8-88C8-792D2E3CE32D}.Release_DLL|Win32.Build.0 = Release_DLL|Win32
		{E9641737-EE62-4EC8-88C8-792D2E3CE32D}.Release_DLL|x64.ActiveCfg = Release_DLL|x64
		{E9641737-EE62-4EC8-88C8-792D2E3CE32D}.Release_DLL|x64.Build.0 = Release_DLL|x64
		{E9641737-EE62-4EC8-88C8-792D2E3CE32D}.Release_LIB|Win32.ActiveCfg = Release_LIB|Win32
		{E9641737-EE62-4EC8-88C8-792D2E3CE32D}.Release_LIB|Win32.Build.0 = Release_LIB|Win32
		{E9641737-EE62-4EC8-88C8-792D2E3CE32D}.Release_LIB|x64.ActiveCfg = Release_LIB|x64
		{E9641737-EE62-4EC8-88C8-792D2E3CE32D}.Release_LIB|x64.Build.0 = Release_LIB|x64
		{B113F023-4E72-48D0-9DE0-F6BFF5CAC62A}.Debug_DLL|Win32.ActiveCfg = Debug_DLL|Win32
		{B113F023-4E72-48D0-9DE0-F6BFF5CAC62A}.Debug_DLL|Win32.Build.0 = Debug_DLL|Win32
		{B113F023-4E72-48D0-9DE0-F6BFF5CAC62A}.Debug_DLL|x64.ActiveCfg = Debug_DLL|x64
		{B113F023-4E72-48D0-9DE0-F6BFF5CAC62A}.Debug_DLL|x64.Build.0 = Debug_DLL|x64
		{B113F023-4E72-48D0-9DE0-F6BFF5CAC62A}.Debug_LIB|Win32.ActiveCfg = Debug_LIB|Win32
		{B113F023-4E72-48D0-9DE0-F6BFF5CAC62A}.Debug_LIB|Win32.Build.0 = Debug_LIB|Win32
		{B113F023-4E72-48D0-9DE0-F6BFF5CAC62A}.Debug_LIB|x64.ActiveCfg = Debug_LIB|x64
		{B113F023-4E72-48D0-9DE0-F6BFF5CAC62A}.Debug_LIB|x64.Build.0 = Debug_LIB|x64
		{B113F023-4E72-48D0-9DE0-F6BFF5CAC62A}.Release_DLL|Win32.ActiveCfg = Release_DLL|Win32
		{B113F023-4E72-48D0-9DE0-F6BFF5CAC62A}.Release_DLL|Win32.Build.0 = Release_DLL|Win32
		{B113F023-4E72-48D0-9DE0-F6BFF5CAC62A}.Release_DLL|x64.ActiveCfg = Release_DLL|x64
		{B113F023-4E72-48D0-9DE0-F6BFF5CAC62A}.Release_DLL|x64.Build.0 = Release_DLL|x64
		{B113F023-4E72-48D0-9DE0-F6BFF5CAC62A}.Release_LIB|Win32.ActiveCfg = Release_LIB|Win32
		{B113F023-4E72-48D0-9DE0-F6BFF5CAC62A}.Release_LIB|Win32.Build.0 = Release_LIB|Win32
		{B113F023-4E72-48D0-9DE0-F6BFF5CAC62A}.Release_LIB|x64.ActiveCfg = Release_LIB|x64
		{B113F023-4E72-48D0-9DE0-F6BFF5CAC62A}.Release_LIB|x64.Build.0 = Release_LIB|x64
	EndGlobalSection
	GlobalSection(SolutionProperties) = preSolution
		HideSolutionNode = FALSE
	EndGlobalSection
	GlobalSection(NestedProjects) = preSolution
		{C3EA0FF7-6039-4884-BA91-7B4619BEFEA5} = {5F8962DB-830E-42EA-8DEC-E87B958D532B}
		{361BCEBD-8B02-4B15-B28B-863F0602CB99} = {6578B563-F8D7-44C3-B40A-6B837F0E776D}
		{280222D8-1C6B-430D-8F32-C8A47397525B} = {2EEA64E4-1A17-415B-9AB8-3355BE66D995}
		{B06AFD40-69E3-4D78-B401-75A27C869381} = {DD225296-B273-489D-A05B-D17C6CBE4341}
		{AF70446C-3E93-42DF-9943-18DDCFA4991A} = {D772CB17-6D38-48F4-958E-6A721026C056}
		{72F51F37-2669-43E0-A166-04E8FD34B294} = {AF70446C-3E93-42DF-9943-18DDCFA4991A}
		{5CCE1C6A-2BD5-48BF-99E2-D29B58F91991} = {72F51F37-2669-43E0-A166-04E8FD34B294}
		{422A8C73-836C-48CB-86C8-0591E69C0CA1} = {C53CFE48-B467-4C49-8D65-2CDFEDB14D5D}
		{9CF8D9AB-E47D-4923-A251-80E40B4E7144} = {74688810-1710-45EF-8212-01B3CED75CD1}
		{F96E9D8C-5CA4-42F4-A6B0-A1E28779DE50} = {0419E814-81A1-4054-B88C-0AACD53CAAAB}
		{5F8962DB-830E-42EA-8DEC-E87B958D532B} = {F96E9D8C-5CA4-42F4-A6B0-A1E28779DE50}
		{CE14B4D8-C63F-4EA6-9DE4-CACE48EA092C} = {7E7DD709-E81D-4C7A-87EC-12F8C27ECC47}
		{A17BA797-3CA6-47F9-B47E-673118EABA1A} = {B4157FC9-C256-4C7A-A4B0-4FBA0741005E}
		{B4C01990-91CA-4F74-95B2-90F7286BCCF9} = {0419E814-81A1-4054-B88C-0AACD53CAAAB}
		{A26F1C8E-2B8E-4D85-8B4E-799905A7BB43} = {B4C01990-91CA-4F74-95B2-90F7286BCCF9}
		{535DA8BE-A011-462E-8690-E066F4E9BF3F} = {A26F1C8E-2B8E-4D85-8B4E-799905A7BB43}
		{A5236B14-0B52-4ED2-A1BF-8846FC73E5CF} = {535DA8BE-A011-462E-8690-E066F4E9BF3F}
		{7B41D864-863A-410A-8A50-6322BC88746D} = {A5236B14-0B52-4ED2-A1BF-8846FC73E5CF}
		{C6D31DE6-C1C3-4378-A005-34DED5D99E49} = {A26F1C8E-2B8E-4D85-8B4E-799905A7BB43}
		{0E746B6F-00AD-449C-9575-03AA410EB23A} = {B4C01990-91CA-4F74-95B2-90F7286BCCF9}
		{661DDC1C-3156-48A2-80CD-605B81CCA86C} = {0E746B6F-00AD-449C-9575-03AA410EB23A}
		{7ED86CF4-02D8-4E11-9B8B-0454B502DAA0} = {661DDC1C-3156-48A2-80CD-605B81CCA86C}
		{2BEE02CB-BAE8-4B48-9D07-4D102A0827BD} = {70C08225-F674-4E79-A237-3B127EBFE97D}
		{DCFE05FB-91FA-4885-BE8C-E3F19D156AC3} = {B5013D28-E481-47D3-B52E-EEAA2DDCB241}
		{BB4263F7-6587-4D6B-9D8D-610072E7B119} = {4257A106-41F3-43C7-9724-FA7478668A02}
		{56ED8A40-51A5-49EF-BEE1-10A4EF0C11DF} = {48A241DB-089E-46A3-A4E0-F004DB022306}
		{8D4D1E05-54B0-4861-A657-3EEAFEFEBBE2} = {3EE0FE30-35A4-48B8-AD13-F119F5299F35}
		{E2B6D5E1-7383-4DCA-BA1C-05B8F2C44E4E} = {3B97ADD6-46C9-406B-ABAF-93D5F5EC5FC5}
		{8F881D50-14C0-4D6D-A47A-086C73BB7DA3} = {82CEC2D8-02F6-40B3-A641-21088097A2FA}
		{055517C9-0A16-49EB-938A-FF2CFF783B99} = {A61EFD1A-FABB-43EC-BE6A-9D7F607158D7}
		{BF6E0FF5-5886-4845-B21D-B82D631BEC00} = {B9A2B380-209A-4DC7-B6B2-8719673BDD2E}
		{57CD7F0E-D3C6-4914-83AE-315BA04EA555} = {E16DD236-245C-4B58-9786-2484EDDB60EB}
		{B483CDC5-37FA-4580-861C-AE28E823781B} = {6CB44AB4-5735-456A-9BDE-D2705C788C8A}
		{D8CE3982-3E41-47A0-9F32-138728B45B6D} = {341B6BD2-DBA5-4FCB-B0FD-6344914E88CA}
		{8B797ED0-1330-469E-99C8-6D6669921412} = {D1B2AEAF-739D-4831-A43C-D6FB2045D9B8}
		{E3C6D871-83EC-4F64-815A-AFD9E6B63EDA} = {FF30867A-2FAC-4AE6-855E-A7B0C0BBEC6E}
		{D5B667D9-4A72-4CCB-AAF6-8BA2C433EDD6} = {F9B3E6C2-C70B-43CF-8381-AA97EA117044}
		{C4C77088-9772-4F2C-898B-653ACB53B11A} = {CB325354-3A04-4948-9E31-50A8754AA822}
		{70C08225-F674-4E79-A237-3B127EBFE97D} = {7ED86CF4-02D8-4E11-9B8B-0454B502DAA0}
		{B5013D28-E481-47D3-B52E-EEAA2DDCB241} = {7ED86CF4-02D8-4E11-9B8B-0454B502DAA0}
		{4257A106-41F3-43C7-9724-FA7478668A02} = {7ED86CF4-02D8-4E11-9B8B-0454B502DAA0}
		{48A241DB-089E-46A3-A4E0-F004DB022306} = {7ED86CF4-02D8-4E11-9B8B-0454B502DAA0}
		{3EE0FE30-35A4-48B8-AD13-F119F5299F35} = {7ED86CF4-02D8-4E11-9B8B-0454B502DAA0}
		{F9B3E6C2-C70B-43CF-8381-AA97EA117044} = {7ED86CF4-02D8-4E11-9B8B-0454B502DAA0}
		{3B97ADD6-46C9-406B-ABAF-93D5F5EC5FC5} = {7ED86CF4-02D8-4E11-9B8B-0454B502DAA0}
		{D1B2AEAF-739D-4831-A43C-D6FB2045D9B8} = {7ED86CF4-02D8-4E11-9B8B-0454B502DAA0}
		{82CEC2D8-02F6-40B3-A641-21088097A2FA} = {7ED86CF4-02D8-4E11-9B8B-0454B502DAA0}
		{A61EFD1A-FABB-43EC-BE6A-9D7F607158D7} = {7ED86CF4-02D8-4E11-9B8B-0454B502DAA0}
		{B9A2B380-209A-4DC7-B6B2-8719673BDD2E} = {7ED86CF4-02D8-4E11-9B8B-0454B502DAA0}
		{FF30867A-2FAC-4AE6-855E-A7B0C0BBEC6E} = {7ED86CF4-02D8-4E11-9B8B-0454B502DAA0}
		{E16DD236-245C-4B58-9786-2484EDDB60EB} = {7ED86CF4-02D8-4E11-9B8B-0454B502DAA0}
		{6CB44AB4-5735-456A-9BDE-D2705C788C8A} = {7ED86CF4-02D8-4E11-9B8B-0454B502DAA0}
		{341B6BD2-DBA5-4FCB-B0FD-6344914E88CA} = {7ED86CF4-02D8-4E11-9B8B-0454B502DAA0}
		{CB325354-3A04-4948-9E31-50A8754AA822} = {7ED86CF4-02D8-4E11-9B8B-0454B502DAA0}
		{9E79E287-83E2-4322-A014-9ACA80A1A48C} = {B4C01990-91CA-4F74-95B2-90F7286BCCF9}
		{5AC8D97E-E50B-4280-B7AB-541A6725A26E} = {9E79E287-83E2-4322-A014-9ACA80A1A48C}
		{77CBC12C-AE16-40EF-A286-A61535F45A99} = {5AC8D97E-E50B-4280-B7AB-541A6725A26E}
		{E2C160E0-B9FF-4E8E-92B3-FD898011155D} = {5AC8D97E-E50B-4280-B7AB-541A6725A26E}
		{98DFF6EA-747C-4964-A11F-7ABB34B314F4} = {E2C160E0-B9FF-4E8E-92B3-FD898011155D}
		{944D37EB-CA44-4C68-928A-E669406F6EFD} = {0E746B6F-00AD-449C-9575-03AA410EB23A}
		{A1C1777E-50D2-47DC-91BB-3B328362214A} = {944D37EB-CA44-4C68-928A-E669406F6EFD}
		{428F6F99-62EF-4478-8924-4B28B5813404} = {0E746B6F-00AD-449C-9575-03AA410EB23A}
		{C9C70B97-BFAF-412C-887A-5B1E19181433} = {428F6F99-62EF-4478-8924-4B28B5813404}
		{97439278-DDB7-4684-B8AD-88EF3FE25108} = {0E746B6F-00AD-449C-9575-03AA410EB23A}
		{39A57A7C-0399-40D5-BF95-2940FC941E4D} = {97439278-DDB7-4684-B8AD-88EF3FE25108}
		{2506559D-409F-406E-99AE-4B54DAAD57B7} = {0E746B6F-00AD-449C-9575-03AA410EB23A}
		{575A12DD-9181-465B-B0E1-C3BF5B3D9171} = {2506559D-409F-406E-99AE-4B54DAAD57B7}
		{22DFB684-2F2B-4988-83A6-32378C9231B5} = {0419E814-81A1-4054-B88C-0AACD53CAAAB}
		{E887F24E-278A-4314-9331-FCDF8B47DF97} = {22DFB684-2F2B-4988-83A6-32378C9231B5}
		{4F233774-85D0-4E51-A0B1-6B40CA4D0CE8} = {E887F24E-278A-4314-9331-FCDF8B47DF97}
		{98D6B430-C1E3-47D6-AECB-846A7EE2D938} = {4F233774-85D0-4E51-A0B1-6B40CA4D0CE8}
		{77F3BBCD-8410-428C-8C88-974E91240745} = {0419E814-81A1-4054-B88C-0AACD53CAAAB}
		{5BE0855D-912D-416F-B49E-3C146D4D79AF} = {77F3BBCD-8410-428C-8C88-974E91240745}
		{7E1AC61D-477B-4899-A276-44F1EFC89D21} = {5BE0855D-912D-416F-B49E-3C146D4D79AF}
		{704A182E-FAEA-4E59-B5F4-9DC799F4556A} = {7E1AC61D-477B-4899-A276-44F1EFC89D21}
		{57214243-9EDA-4CA2-929E-A3BB43D471B0} = {0419E814-81A1-4054-B88C-0AACD53CAAAB}
		{EC1D535E-4FA4-41F4-9297-85C81083457C} = {57214243-9EDA-4CA2-929E-A3BB43D471B0}
		{3376CCCF-3390-40F4-A4B4-B82EF5EE1D50} = {EC1D535E-4FA4-41F4-9297-85C81083457C}
		{BC5F994E-1BFE-4C94-BF8D-86077EF84ED7} = {3376CCCF-3390-40F4-A4B4-B82EF5EE1D50}
		{CA2A648F-7A25-4E2E-A299-1F6F5CB1BA8B} = {0419E814-81A1-4054-B88C-0AACD53CAAAB}
		{54616F7B-916C-403F-9E2F-35BC73A5A0ED} = {CA2A648F-7A25-4E2E-A299-1F6F5CB1BA8B}
		{58A227E3-8DAD-4E95-9158-D9B493A873AD} = {54616F7B-916C-403F-9E2F-35BC73A5A0ED}
		{EC5C161C-4177-49BD-BD1F-2BA6A05F03D4} = {58A227E3-8DAD-4E95-9158-D9B493A873AD}
		{F00FDECF-9B2D-46DB-9E9B-E58B5EFCE42F} = {5AC8D97E-E50B-4280-B7AB-541A6725A26E}
		{6AF6EDBD-326D-4467-95A7-6F9F6BF1EC0D} = {D772CB17-6D38-48F4-958E-6A721026C056}
		{F7738AD6-589E-4E29-AFE6-C8B7451598AC} = {6AF6EDBD-326D-4467-95A7-6F9F6BF1EC0D}
		{51DB8627-73C6-4281-A95A-D7EEAD522BB9} = {F7738AD6-589E-4E29-AFE6-C8B7451598AC}
		{6578B563-F8D7-44C3-B40A-6B837F0E776D} = {51DB8627-73C6-4281-A95A-D7EEAD522BB9}
		{6481038E-B32B-4610-9C3B-A63858EAF2A8} = {6AF6EDBD-326D-4467-95A7-6F9F6BF1EC0D}
		{2E414431-4284-4D3D-8F47-30FBD6D19143} = {6481038E-B32B-4610-9C3B-A63858EAF2A8}
		{C53CFE48-B467-4C49-8D65-2CDFEDB14D5D} = {2E414431-4284-4D3D-8F47-30FBD6D19143}
		{B4157FC9-C256-4C7A-A4B0-4FBA0741005E} = {C53CFE48-B467-4C49-8D65-2CDFEDB14D5D}
		{8016737C-AEE5-46AC-BCEE-DBDEB35BF367} = {6AF6EDBD-326D-4467-95A7-6F9F6BF1EC0D}
		{2FD58519-4492-4BC4-B0F1-89DEC98EE529} = {8016737C-AEE5-46AC-BCEE-DBDEB35BF367}
		{2EEA64E4-1A17-415B-9AB8-3355BE66D995} = {2FD58519-4492-4BC4-B0F1-89DEC98EE529}
		{DD225296-B273-489D-A05B-D17C6CBE4341} = {2FD58519-4492-4BC4-B0F1-89DEC98EE529}
		{E9D99FC7-E592-472B-B2E2-C3B0D81D8169} = {2FD58519-4492-4BC4-B0F1-89DEC98EE529}
		{74688810-1710-45EF-8212-01B3CED75CD1} = {C53CFE48-B467-4C49-8D65-2CDFEDB14D5D}
		{7E7DD709-E81D-4C7A-87EC-12F8C27ECC47} = {74688810-1710-45EF-8212-01B3CED75CD1}
		{6AAD3F7C-84ED-4B67-8A57-E7E15F4F7E98} = {2E414431-4284-4D3D-8F47-30FBD6D19143}
		{421A512B-4C74-4461-9956-DC5864275D18} = {6AAD3F7C-84ED-4B67-8A57-E7E15F4F7E98}
		{CE66752B-59A9-441E-853B-96FBCDB8B7CA} = {5AC8D97E-E50B-4280-B7AB-541A6725A26E}
		{D1D6ACB6-F631-41DC-810D-6EE1326AB388} = {CE66752B-59A9-441E-853B-96FBCDB8B7CA}
		{DEB05529-77E0-4EEE-A567-2AAE592C785F} = {6AF6EDBD-326D-4467-95A7-6F9F6BF1EC0D}
		{355E3371-57FC-4F93-A0DE-5FB3597E2B4B} = {DEB05529-77E0-4EEE-A567-2AAE592C785F}
		{EE16ABBD-8C46-4901-9623-77B571FA180D} = {355E3371-57FC-4F93-A0DE-5FB3597E2B4B}
		{388D732A-289A-4FDA-8BAA-5846CCBDA597} = {6AF6EDBD-326D-4467-95A7-6F9F6BF1EC0D}
		{8F772257-FC32-4CE0-81E3-6EE4311EE76B} = {388D732A-289A-4FDA-8BAA-5846CCBDA597}
		{589AB311-372D-4FA2-A3E3-00D530D8C0A8} = {8F772257-FC32-4CE0-81E3-6EE4311EE76B}
		{C2DF21DC-50E2-49AA-84AD-CE3C11A7010A} = {6AF6EDBD-326D-4467-95A7-6F9F6BF1EC0D}
		{19FDB7E8-B6B9-49B5-8B34-9951239485CC} = {C2DF21DC-50E2-49AA-84AD-CE3C11A7010A}
		{44ECEA7E-D805-49B6-8E89-62EC3994C1F3} = {19FDB7E8-B6B9-49B5-8B34-9951239485CC}
		{FC04F3E2-E453-448A-9C38-81BEB7ED64C3} = {6AF6EDBD-326D-4467-95A7-6F9F6BF1EC0D}
		{A579DE31-7ED1-4022-82C4-C1F923DA84F3} = {FC04F3E2-E453-448A-9C38-81BEB7ED64C3}
		{F4A51415-2981-42EE-87C7-F29D5805583E} = {A579DE31-7ED1-4022-82C4-C1F923DA84F3}
		{29863C5A-E3AD-4D3B-9AE1-2EA49136D7EA} = {6AF6EDBD-326D-4467-95A7-6F9F6BF1EC0D}
		{6884C537-AAD8-4FFD-A59B-BECE098A6DAA} = {29863C5A-E3AD-4D3B-9AE1-2EA49136D7EA}
		{664DC48A-2783-48F6-BCFB-DA5FA36886F6} = {6884C537-AAD8-4FFD-A59B-BECE098A6DAA}
		{2FEE4625-32D6-4E8D-9498-2AE4EBD967B1} = {0E746B6F-00AD-449C-9575-03AA410EB23A}
		{91739F78-0AEF-404C-B173-317A11441B22} = {2FEE4625-32D6-4E8D-9498-2AE4EBD967B1}
		{A07A2021-121C-4C5C-8AEF-49E8006FF4B0} = {C6D31DE6-C1C3-4378-A005-34DED5D99E49}
		{45444B81-13CB-4432-BF61-D8F967055FBF} = {B4C01990-91CA-4F74-95B2-90F7286BCCF9}
		{5F067EF5-6A79-40B9-8C05-6B13263C15D9} = {45444B81-13CB-4432-BF61-D8F967055FBF}
		{4BEBB59C-477B-4F7A-8AE8-4228D0861E54} = {5F067EF5-6A79-40B9-8C05-6B13263C15D9}
		{E9641737-EE62-4EC8-88C8-792D2E3CE32D} = {5F067EF5-6A79-40B9-8C05-6B13263C15D9}
		{B113F023-4E72-48D0-9DE0-F6BFF5CAC62A} = {7B41D864-863A-410A-8A50-6322BC88746D}
	EndGlobalSection
	GlobalSection(ExtensibilityGlobals) = postSolution
		SolutionGuid = {063B0413-E580-4697-BEA8-BA86CC1C4DDA}
	EndGlobalSection
EndGlobal
